// !$*UTF8*$!
{
	archiveVersion = 1;
	classes = {
	};
	objectVersion = 46;
	objects = {

/* Begin PBXBuildFile section */
		833E3FC71E8198BD002E8FF0 /* AppDelegate.swift in Sources */ = {isa = PBXBuildFile; fileRef = 833E3FC61E8198BD002E8FF0 /* AppDelegate.swift */; };
		833E3FC91E8198BD002E8FF0 /* ViewController.swift in Sources */ = {isa = PBXBuildFile; fileRef = 833E3FC81E8198BD002E8FF0 /* ViewController.swift */; };
		833E3FCC1E8198BE002E8FF0 /* Main.storyboard in Resources */ = {isa = PBXBuildFile; fileRef = 833E3FCA1E8198BD002E8FF0 /* Main.storyboard */; };
		833E3FCE1E8198BE002E8FF0 /* Assets.xcassets in Resources */ = {isa = PBXBuildFile; fileRef = 833E3FCD1E8198BE002E8FF0 /* Assets.xcassets */; };
		833E3FD11E8198BE002E8FF0 /* LaunchScreen.storyboard in Resources */ = {isa = PBXBuildFile; fileRef = 833E3FCF1E8198BE002E8FF0 /* LaunchScreen.storyboard */; };
		833E3FDA1E8198D5002E8FF0 /* Model.xcdatamodeld in Sources */ = {isa = PBXBuildFile; fileRef = 833E3FD81E8198D5002E8FF0 /* Model.xcdatamodeld */; };
		833E3FDC1E819FAA002E8FF0 /* CoreDataStack.swift in Sources */ = {isa = PBXBuildFile; fileRef = 833E3FDB1E819FAA002E8FF0 /* CoreDataStack.swift */; };
		833E40001E81A366002E8FF0 /* Note+CoreDataHelpers.swift in Sources */ = {isa = PBXBuildFile; fileRef = 833E3FFF1E81A366002E8FF0 /* Note+CoreDataHelpers.swift */; };
/* End PBXBuildFile section */

/* Begin PBXFileReference section */
		833E3FC31E8198BD002E8FF0 /* CoolNotes.app */ = {isa = PBXFileReference; explicitFileType = wrapper.application; includeInIndex = 0; path = CoolNotes.app; sourceTree = BUILT_PRODUCTS_DIR; };
		833E3FC61E8198BD002E8FF0 /* AppDelegate.swift */ = {isa = PBXFileReference; lastKnownFileType = sourcecode.swift; path = AppDelegate.swift; sourceTree = "<group>"; };
		833E3FC81E8198BD002E8FF0 /* ViewController.swift */ = {isa = PBXFileReference; lastKnownFileType = sourcecode.swift; path = ViewController.swift; sourceTree = "<group>"; };
		833E3FCB1E8198BD002E8FF0 /* Base */ = {isa = PBXFileReference; lastKnownFileType = file.storyboard; name = Base; path = Base.lproj/Main.storyboard; sourceTree = "<group>"; };
		833E3FCD1E8198BE002E8FF0 /* Assets.xcassets */ = {isa = PBXFileReference; lastKnownFileType = folder.assetcatalog; path = Assets.xcassets; sourceTree = "<group>"; };
		833E3FD01E8198BE002E8FF0 /* Base */ = {isa = PBXFileReference; lastKnownFileType = file.storyboard; name = Base; path = Base.lproj/LaunchScreen.storyboard; sourceTree = "<group>"; };
		833E3FD21E8198BE002E8FF0 /* Info.plist */ = {isa = PBXFileReference; lastKnownFileType = text.plist.xml; path = Info.plist; sourceTree = "<group>"; };
		833E3FD91E8198D5002E8FF0 /* Model.xcdatamodel */ = {isa = PBXFileReference; lastKnownFileType = wrapper.xcdatamodel; path = Model.xcdatamodel; sourceTree = "<group>"; };
		833E3FDB1E819FAA002E8FF0 /* CoreDataStack.swift */ = {isa = PBXFileReference; fileEncoding = 4; lastKnownFileType = sourcecode.swift; path = CoreDataStack.swift; sourceTree = "<group>"; };
		833E3FFF1E81A366002E8FF0 /* Note+CoreDataHelpers.swift */ = {isa = PBXFileReference; fileEncoding = 4; lastKnownFileType = sourcecode.swift; path = "Note+CoreDataHelpers.swift"; sourceTree = "<group>"; };
/* End PBXFileReference section */

/* Begin PBXFrameworksBuildPhase section */
		833E3FC01E8198BD002E8FF0 /* Frameworks */ = {
			isa = PBXFrameworksBuildPhase;
			buildActionMask = 2147483647;
			files = (
			);
			runOnlyForDeploymentPostprocessing = 0;
		};
/* End PBXFrameworksBuildPhase section */

/* Begin PBXGroup section */
		833E3FBA1E8198BD002E8FF0 = {
			isa = PBXGroup;
			children = (
				833E3FC51E8198BD002E8FF0 /* CoolNotes */,
				833E3FC41E8198BD002E8FF0 /* Products */,
			);
			sourceTree = "<group>";
		};
		833E3FC41E8198BD002E8FF0 /* Products */ = {
			isa = PBXGroup;
			children = (
				833E3FC31E8198BD002E8FF0 /* CoolNotes.app */,
			);
			name = Products;
			sourceTree = "<group>";
		};
		833E3FC51E8198BD002E8FF0 /* CoolNotes */ = {
			isa = PBXGroup;
			children = (
				833E3FE51E81A0D3002E8FF0 /* Models */,
				833E3FDB1E819FAA002E8FF0 /* CoreDataStack.swift */,
				833E3FC61E8198BD002E8FF0 /* AppDelegate.swift */,
				833E3FC81E8198BD002E8FF0 /* ViewController.swift */,
				833E3FCA1E8198BD002E8FF0 /* Main.storyboard */,
				833E3FCD1E8198BE002E8FF0 /* Assets.xcassets */,
				833E3FCF1E8198BE002E8FF0 /* LaunchScreen.storyboard */,
				833E3FD21E8198BE002E8FF0 /* Info.plist */,
				833E3FD81E8198D5002E8FF0 /* Model.xcdatamodeld */,
			);
			path = CoolNotes;
			sourceTree = "<group>";
		};
		833E3FE51E81A0D3002E8FF0 /* Models */ = {
			isa = PBXGroup;
			children = (
				833E3FFF1E81A366002E8FF0 /* Note+CoreDataHelpers.swift */,
			);
			name = Models;
			sourceTree = "<group>";
		};
/* End PBXGroup section */

/* Begin PBXNativeTarget section */
		833E3FC21E8198BD002E8FF0 /* CoolNotes */ = {
			isa = PBXNativeTarget;
			buildConfigurationList = 833E3FD51E8198BE002E8FF0 /* Build configuration list for PBXNativeTarget "CoolNotes" */;
			buildPhases = (
				833E3FBF1E8198BD002E8FF0 /* Sources */,
				833E3FC01E8198BD002E8FF0 /* Frameworks */,
				833E3FC11E8198BD002E8FF0 /* Resources */,
			);
			buildRules = (
			);
			dependencies = (
			);
			name = CoolNotes;
			productName = CoolNotes;
			productReference = 833E3FC31E8198BD002E8FF0 /* CoolNotes.app */;
			productType = "com.apple.product-type.application";
		};
/* End PBXNativeTarget section */

/* Begin PBXProject section */
		833E3FBB1E8198BD002E8FF0 /* Project object */ = {
			isa = PBXProject;
			attributes = {
				LastSwiftUpdateCheck = 0820;
				LastUpgradeCheck = 0820;
				ORGANIZATIONNAME = "Christopher Combes";
				TargetAttributes = {
					833E3FC21E8198BD002E8FF0 = {
						CreatedOnToolsVersion = 8.2.1;
						LastSwiftMigration = 0820;
						ProvisioningStyle = Automatic;
					};
				};
			};
			buildConfigurationList = 833E3FBE1E8198BD002E8FF0 /* Build configuration list for PBXProject "CoolNotes" */;
			compatibilityVersion = "Xcode 3.2";
			developmentRegion = English;
			hasScannedForEncodings = 0;
			knownRegions = (
				en,
				Base,
			);
			mainGroup = 833E3FBA1E8198BD002E8FF0;
			productRefGroup = 833E3FC41E8198BD002E8FF0 /* Products */;
			projectDirPath = "";
			projectRoot = "";
			targets = (
				833E3FC21E8198BD002E8FF0 /* CoolNotes */,
			);
		};
/* End PBXProject section */

/* Begin PBXResourcesBuildPhase section */
		833E3FC11E8198BD002E8FF0 /* Resources */ = {
			isa = PBXResourcesBuildPhase;
			buildActionMask = 2147483647;
			files = (
				833E3FD11E8198BE002E8FF0 /* LaunchScreen.storyboard in Resources */,
				833E3FCE1E8198BE002E8FF0 /* Assets.xcassets in Resources */,
				833E3FCC1E8198BE002E8FF0 /* Main.storyboard in Resources */,
			);
			runOnlyForDeploymentPostprocessing = 0;
		};
/* End PBXResourcesBuildPhase section */

/* Begin PBXSourcesBuildPhase section */
		833E3FBF1E8198BD002E8FF0 /* Sources */ = {
			isa = PBXSourcesBuildPhase;
			buildActionMask = 2147483647;
			files = (
				833E3FC91E8198BD002E8FF0 /* ViewController.swift in Sources */,
				833E40001E81A366002E8FF0 /* Note+CoreDataHelpers.swift in Sources */,
				833E3FC71E8198BD002E8FF0 /* AppDelegate.swift in Sources */,
				833E3FDA1E8198D5002E8FF0 /* Model.xcdatamodeld in Sources */,
				833E3FDC1E819FAA002E8FF0 /* CoreDataStack.swift in Sources */,
			);
			runOnlyForDeploymentPostprocessing = 0;
		};
/* End PBXSourcesBuildPhase section */

/* Begin PBXVariantGroup section */
		833E3FCA1E8198BD002E8FF0 /* Main.storyboard */ = {
			isa = PBXVariantGroup;
			children = (
				833E3FCB1E8198BD002E8FF0 /* Base */,
			);
			name = Main.storyboard;
			sourceTree = "<group>";
		};
		833E3FCF1E8198BE002E8FF0 /* LaunchScreen.storyboard */ = {
			isa = PBXVariantGroup;
			children = (
				833E3FD01E8198BE002E8FF0 /* Base */,
			);
			name = LaunchScreen.storyboard;
			sourceTree = "<group>";
		};
/* End PBXVariantGroup section */

/* Begin XCBuildConfiguration section */
		833E3FD31E8198BE002E8FF0 /* Debug */ = {
			isa = XCBuildConfiguration;
			buildSettings = {
				ALWAYS_SEARCH_USER_PATHS = NO;
				CLANG_ANALYZER_NONNULL = YES;
				CLANG_CXX_LANGUAGE_STANDARD = "gnu++0x";
				CLANG_CXX_LIBRARY = "libc++";
				CLANG_ENABLE_MODULES = YES;
				CLANG_ENABLE_OBJC_ARC = YES;
				CLANG_WARN_BOOL_CONVERSION = YES;
				CLANG_WARN_CONSTANT_CONVERSION = YES;
				CLANG_WARN_DIRECT_OBJC_ISA_USAGE = YES_ERROR;
				CLANG_WARN_DOCUMENTATION_COMMENTS = YES;
				CLANG_WARN_EMPTY_BODY = YES;
				CLANG_WARN_ENUM_CONVERSION = YES;
				CLANG_WARN_INFINITE_RECURSION = YES;
				CLANG_WARN_INT_CONVERSION = YES;
				CLANG_WARN_OBJC_ROOT_CLASS = YES_ERROR;
				CLANG_WARN_SUSPICIOUS_MOVE = YES;
				CLANG_WARN_UNREACHABLE_CODE = YES;
				CLANG_WARN__DUPLICATE_METHOD_MATCH = YES;
				"CODE_SIGN_IDENTITY[sdk=iphoneos*]" = "iPhone Developer";
				COPY_PHASE_STRIP = NO;
				DEBUG_INFORMATION_FORMAT = dwarf;
				ENABLE_STRICT_OBJC_MSGSEND = YES;
				ENABLE_TESTABILITY = YES;
				GCC_C_LANGUAGE_STANDARD = gnu99;
				GCC_DYNAMIC_NO_PIC = NO;
				GCC_NO_COMMON_BLOCKS = YES;
				GCC_OPTIMIZATION_LEVEL = 0;
				GCC_PREPROCESSOR_DEFINITIONS = (
					"DEBUG=1",
					"$(inherited)",
				);
				GCC_WARN_64_TO_32_BIT_CONVERSION = YES;
				GCC_WARN_ABOUT_RETURN_TYPE = YES_ERROR;
				GCC_WARN_UNDECLARED_SELECTOR = YES;
				GCC_WARN_UNINITIALIZED_AUTOS = YES_AGGRESSIVE;
				GCC_WARN_UNUSED_FUNCTION = YES;
				GCC_WARN_UNUSED_VARIABLE = YES;
				IPHONEOS_DEPLOYMENT_TARGET = 10.2;
				MTL_ENABLE_DEBUG_INFO = YES;
				ONLY_ACTIVE_ARCH = YES;
				SDKROOT = iphoneos;
				SWIFT_ACTIVE_COMPILATION_CONDITIONS = DEBUG;
				SWIFT_OPTIMIZATION_LEVEL = "-Onone";
				TARGETED_DEVICE_FAMILY = "1,2";
			};
			name = Debug;
		};
		833E3FD41E8198BE002E8FF0 /* Release */ = {
			isa = XCBuildConfiguration;
			buildSettings = {
				ALWAYS_SEARCH_USER_PATHS = NO;
				CLANG_ANALYZER_NONNULL = YES;
				CLANG_CXX_LANGUAGE_STANDARD = "gnu++0x";
				CLANG_CXX_LIBRARY = "libc++";
				CLANG_ENABLE_MODULES = YES;
				CLANG_ENABLE_OBJC_ARC = YES;
				CLANG_WARN_BOOL_CONVERSION = YES;
				CLANG_WARN_CONSTANT_CONVERSION = YES;
				CLANG_WARN_DIRECT_OBJC_ISA_USAGE = YES_ERROR;
				CLANG_WARN_DOCUMENTATION_COMMENTS = YES;
				CLANG_WARN_EMPTY_BODY = YES;
				CLANG_WARN_ENUM_CONVERSION = YES;
				CLANG_WARN_INFINITE_RECURSION = YES;
				CLANG_WARN_INT_CONVERSION = YES;
				CLANG_WARN_OBJC_ROOT_CLASS = YES_ERROR;
				CLANG_WARN_SUSPICIOUS_MOVE = YES;
				CLANG_WARN_UNREACHABLE_CODE = YES;
				CLANG_WARN__DUPLICATE_METHOD_MATCH = YES;
				"CODE_SIGN_IDENTITY[sdk=iphoneos*]" = "iPhone Developer";
				COPY_PHASE_STRIP = NO;
				DEBUG_INFORMATION_FORMAT = "dwarf-with-dsym";
				ENABLE_NS_ASSERTIONS = NO;
				ENABLE_STRICT_OBJC_MSGSEND = YES;
				GCC_C_LANGUAGE_STANDARD = gnu99;
				GCC_NO_COMMON_BLOCKS = YES;
				GCC_WARN_64_TO_32_BIT_CONVERSION = YES;
				GCC_WARN_ABOUT_RETURN_TYPE = YES_ERROR;
				GCC_WARN_UNDECLARED_SELECTOR = YES;
				GCC_WARN_UNINITIALIZED_AUTOS = YES_AGGRESSIVE;
				GCC_WARN_UNUSED_FUNCTION = YES;
				GCC_WARN_UNUSED_VARIABLE = YES;
				IPHONEOS_DEPLOYMENT_TARGET = 10.2;
				MTL_ENABLE_DEBUG_INFO = NO;
				SDKROOT = iphoneos;
				SWIFT_OPTIMIZATION_LEVEL = "-Owholemodule";
				TARGETED_DEVICE_FAMILY = "1,2";
				VALIDATE_PRODUCT = YES;
			};
			name = Release;
		};
		833E3FD61E8198BE002E8FF0 /* Debug */ = {
			isa = XCBuildConfiguration;
			buildSettings = {
				ASSETCATALOG_COMPILER_APPICON_NAME = AppIcon;
				INFOPLIST_FILE = CoolNotes/Info.plist;
				LD_RUNPATH_SEARCH_PATHS = "$(inherited) @executable_path/Frameworks";
				PRODUCT_BUNDLE_IDENTIFIER = com.christophercombes.CoolNotes;
				PRODUCT_NAME = "$(TARGET_NAME)";
				SWIFT_VERSION = 3.0;
			};
			name = Debug;
		};
		833E3FD71E8198BE002E8FF0 /* Release */ = {
			isa = XCBuildConfiguration;
			buildSettings = {
				ASSETCATALOG_COMPILER_APPICON_NAME = AppIcon;
				INFOPLIST_FILE = CoolNotes/Info.plist;
				LD_RUNPATH_SEARCH_PATHS = "$(inherited) @executable_path/Frameworks";
				PRODUCT_BUNDLE_IDENTIFIER = com.christophercombes.CoolNotes;
				PRODUCT_NAME = "$(TARGET_NAME)";
				SWIFT_VERSION = 3.0;
			};
			name = Release;
		};
/* End XCBuildConfiguration section */

/* Begin XCConfigurationList section */
		833E3FBE1E8198BD002E8FF0 /* Build configuration list for PBXProject "CoolNotes" */ = {
			isa = XCConfigurationList;
			buildConfigurations = (
				833E3FD31E8198BE002E8FF0 /* Debug */,
				833E3FD41E8198BE002E8FF0 /* Release */,
			);
			defaultConfigurationIsVisible = 0;
			defaultConfigurationName = Release;
		};
		833E3FD51E8198BE002E8FF0 /* Build configuration list for PBXNativeTarget "CoolNotes" */ = {
			isa = XCConfigurationList;
			buildConfigurations = (
				833E3FD61E8198BE002E8FF0 /* Debug */,
				833E3FD71E8198BE002E8FF0 /* Release */,
			);
			defaultConfigurationIsVisible = 0;
			defaultConfigurationName = Release;
		};
/* End XCConfigurationList section */

/* Begin XCVersionGroup section */
		833E3FD81E8198D5002E8FF0 /* Model.xcdatamodeld */ = {
			isa = XCVersionGroup;
			children = (
				833E3FD91E8198D5002E8FF0 /* Model.xcdatamodel */,
			);
			currentVersion = 833E3FD91E8198D5002E8FF0 /* Model.xcdatamodel */;
			path = Model.xcdatamodeld;
			sourceTree = "<group>";
			versionGroupType = wrapper.xcdatamodel;
		};
/* End XCVersionGroup section */
	};
	rootObject = 833E3FBB1E8198BD002E8FF0 /* Project object */;
}
