// !$*UTF8*$!
{
	archiveVersion = 1;
	classes = {
	};
	objectVersion = 46;
	objects = {

/* Begin PBXBuildFile section */
		831059DB1CD1B4B0004BA705 /* AppDelegate.swift in Sources */ = {isa = PBXBuildFile; fileRef = 831059DA1CD1B4B0004BA705 /* AppDelegate.swift */; };
		831059DD1CD1B4B0004BA705 /* ViewController.swift in Sources */ = {isa = PBXBuildFile; fileRef = 831059DC1CD1B4B0004BA705 /* ViewController.swift */; };
		831059E01CD1B4B0004BA705 /* Main.storyboard in Resources */ = {isa = PBXBuildFile; fileRef = 831059DE1CD1B4B0004BA705 /* Main.storyboard */; };
		831059E21CD1B4B0004BA705 /* Assets.xcassets in Resources */ = {isa = PBXBuildFile; fileRef = 831059E11CD1B4B0004BA705 /* Assets.xcassets */; };
		831059E51CD1B4B0004BA705 /* LaunchScreen.storyboard in Resources */ = {isa = PBXBuildFile; fileRef = 831059E31CD1B4B0004BA705 /* LaunchScreen.storyboard */; };
		831059ED1CD1C045004BA705 /* Minecraft.ttf in Resources */ = {isa = PBXBuildFile; fileRef = 831059EC1CD1C045004BA705 /* Minecraft.ttf */; };
		839C75471D03E93400571D6F /* blip.wav in Resources */ = {isa = PBXBuildFile; fileRef = 839C75461D03E93400571D6F /* blip.wav */; };
/* End PBXBuildFile section */

/* Begin PBXFileReference section */
		831059D71CD1B4B0004BA705 /* RetroCalculator.app */ = {isa = PBXFileReference; explicitFileType = wrapper.application; includeInIndex = 0; path = RetroCalculator.app; sourceTree = BUILT_PRODUCTS_DIR; };
		831059DA1CD1B4B0004BA705 /* AppDelegate.swift */ = {isa = PBXFileReference; lastKnownFileType = sourcecode.swift; path = AppDelegate.swift; sourceTree = "<group>"; };
		831059DC1CD1B4B0004BA705 /* ViewController.swift */ = {isa = PBXFileReference; lastKnownFileType = sourcecode.swift; path = ViewController.swift; sourceTree = "<group>"; };
		831059DF1CD1B4B0004BA705 /* Base */ = {isa = PBXFileReference; lastKnownFileType = file.storyboard; name = Base; path = Base.lproj/Main.storyboard; sourceTree = "<group>"; };
		831059E11CD1B4B0004BA705 /* Assets.xcassets */ = {isa = PBXFileReference; lastKnownFileType = folder.assetcatalog; path = Assets.xcassets; sourceTree = "<group>"; };
		831059E41CD1B4B0004BA705 /* Base */ = {isa = PBXFileReference; lastKnownFileType = file.storyboard; name = Base; path = Base.lproj/LaunchScreen.storyboard; sourceTree = "<group>"; };
		831059E61CD1B4B0004BA705 /* Info.plist */ = {isa = PBXFileReference; lastKnownFileType = text.plist.xml; path = Info.plist; sourceTree = "<group>"; };
		831059EC1CD1C045004BA705 /* Minecraft.ttf */ = {isa = PBXFileReference; lastKnownFileType = file; path = Minecraft.ttf; sourceTree = "<group>"; };
		839C75461D03E93400571D6F /* blip.wav */ = {isa = PBXFileReference; lastKnownFileType = audio.wav; path = blip.wav; sourceTree = "<group>"; };
/* End PBXFileReference section */

/* Begin PBXFrameworksBuildPhase section */
		831059D41CD1B4B0004BA705 /* Frameworks */ = {
			isa = PBXFrameworksBuildPhase;
			buildActionMask = 2147483647;
			files = (
			);
			runOnlyForDeploymentPostprocessing = 0;
		};
/* End PBXFrameworksBuildPhase section */

/* Begin PBXGroup section */
		831059CE1CD1B4B0004BA705 = {
			isa = PBXGroup;
			children = (
				831059D91CD1B4B0004BA705 /* RetroCalculator */,
				831059D81CD1B4B0004BA705 /* Products */,
			);
			sourceTree = "<group>";
		};
		831059D81CD1B4B0004BA705 /* Products */ = {
			isa = PBXGroup;
			children = (
				831059D71CD1B4B0004BA705 /* RetroCalculator.app */,
			);
			name = Products;
			sourceTree = "<group>";
		};
		831059D91CD1B4B0004BA705 /* RetroCalculator */ = {
			isa = PBXGroup;
			children = (
				831059EC1CD1C045004BA705 /* Minecraft.ttf */,
				831059DA1CD1B4B0004BA705 /* AppDelegate.swift */,
				831059DC1CD1B4B0004BA705 /* ViewController.swift */,
				831059DE1CD1B4B0004BA705 /* Main.storyboard */,
				839C75461D03E93400571D6F /* blip.wav */,
				831059E11CD1B4B0004BA705 /* Assets.xcassets */,
				831059E31CD1B4B0004BA705 /* LaunchScreen.storyboard */,
				831059E61CD1B4B0004BA705 /* Info.plist */,
			);
			path = RetroCalculator;
			sourceTree = "<group>";
		};
/* End PBXGroup section */

/* Begin PBXNativeTarget section */
		831059D61CD1B4B0004BA705 /* RetroCalculator */ = {
			isa = PBXNativeTarget;
			buildConfigurationList = 831059E91CD1B4B0004BA705 /* Build configuration list for PBXNativeTarget "RetroCalculator" */;
			buildPhases = (
				831059D31CD1B4B0004BA705 /* Sources */,
				831059D41CD1B4B0004BA705 /* Frameworks */,
				831059D51CD1B4B0004BA705 /* Resources */,
			);
			buildRules = (
			);
			dependencies = (
			);
			name = RetroCalculator;
			productName = RetroCalculator;
			productReference = 831059D71CD1B4B0004BA705 /* RetroCalculator.app */;
			productType = "com.apple.product-type.application";
		};
/* End PBXNativeTarget section */

/* Begin PBXProject section */
		831059CF1CD1B4B0004BA705 /* Project object */ = {
			isa = PBXProject;
			attributes = {
				LastSwiftUpdateCheck = 0730;
				LastUpgradeCheck = 0830;
				ORGANIZATIONNAME = "Christopher Combes";
				TargetAttributes = {
					831059D61CD1B4B0004BA705 = {
						CreatedOnToolsVersion = 7.3;
						LastSwiftMigration = 0830;
					};
				};
			};
			buildConfigurationList = 831059D21CD1B4B0004BA705 /* Build configuration list for PBXProject "RetroCalculator" */;
			compatibilityVersion = "Xcode 3.2";
			developmentRegion = English;
			hasScannedForEncodings = 0;
			knownRegions = (
				en,
				Base,
			);
			mainGroup = 831059CE1CD1B4B0004BA705;
			productRefGroup = 831059D81CD1B4B0004BA705 /* Products */;
			projectDirPath = "";
			projectRoot = "";
			targets = (
				831059D61CD1B4B0004BA705 /* RetroCalculator */,
			);
		};
/* End PBXProject section */

/* Begin PBXResourcesBuildPhase section */
		831059D51CD1B4B0004BA705 /* Resources */ = {
			isa = PBXResourcesBuildPhase;
			buildActionMask = 2147483647;
			files = (
				839C75471D03E93400571D6F /* blip.wav in Resources */,
				831059E51CD1B4B0004BA705 /* LaunchScreen.storyboard in Resources */,
				831059E21CD1B4B0004BA705 /* Assets.xcassets in Resources */,
				831059ED1CD1C045004BA705 /* Minecraft.ttf in Resources */,
				831059E01CD1B4B0004BA705 /* Main.storyboard in Resources */,
			);
			runOnlyForDeploymentPostprocessing = 0;
		};
/* End PBXResourcesBuildPhase section */

/* Begin PBXSourcesBuildPhase section */
		831059D31CD1B4B0004BA705 /* Sources */ = {
			isa = PBXSourcesBuildPhase;
			buildActionMask = 2147483647;
			files = (
				831059DD1CD1B4B0004BA705 /* ViewController.swift in Sources */,
				831059DB1CD1B4B0004BA705 /* AppDelegate.swift in Sources */,
			);
			runOnlyForDeploymentPostprocessing = 0;
		};
/* End PBXSourcesBuildPhase section */

/* Begin PBXVariantGroup section */
		831059DE1CD1B4B0004BA705 /* Main.storyboard */ = {
			isa = PBXVariantGroup;
			children = (
				831059DF1CD1B4B0004BA705 /* Base */,
			);
			name = Main.storyboard;
			sourceTree = "<group>";
		};
		831059E31CD1B4B0004BA705 /* LaunchScreen.storyboard */ = {
			isa = PBXVariantGroup;
			children = (
				831059E41CD1B4B0004BA705 /* Base */,
			);
			name = LaunchScreen.storyboard;
			sourceTree = "<group>";
		};
/* End PBXVariantGroup section */

/* Begin XCBuildConfiguration section */
		831059E71CD1B4B0004BA705 /* Debug */ = {
			isa = XCBuildConfiguration;
			buildSettings = {
				ALWAYS_SEARCH_USER_PATHS = NO;
				CLANG_ANALYZER_NONNULL = YES;
				CLANG_CXX_LANGUAGE_STANDARD = "gnu++0x";
				CLANG_CXX_LIBRARY = "libc++";
				CLANG_ENABLE_MODULES = YES;
				CLANG_ENABLE_OBJC_ARC = YES;
				CLANG_WARN_BOOL_CONVERSION = YES;
				CLANG_WARN_CONSTANT_CONVERSION = YES;
				CLANG_WARN_DIRECT_OBJC_ISA_USAGE = YES_ERROR;
				CLANG_WARN_EMPTY_BODY = YES;
				CLANG_WARN_ENUM_CONVERSION = YES;
				CLANG_WARN_INFINITE_RECURSION = YES;
				CLANG_WARN_INT_CONVERSION = YES;
				CLANG_WARN_OBJC_ROOT_CLASS = YES_ERROR;
				CLANG_WARN_SUSPICIOUS_MOVE = YES;
				CLANG_WARN_UNREACHABLE_CODE = YES;
				CLANG_WARN__DUPLICATE_METHOD_MATCH = YES;
				"CODE_SIGN_IDENTITY[sdk=iphoneos*]" = "iPhone Developer";
				COPY_PHASE_STRIP = NO;
				DEBUG_INFORMATION_FORMAT = dwarf;
				ENABLE_STRICT_OBJC_MSGSEND = YES;
				ENABLE_TESTABILITY = YES;
				GCC_C_LANGUAGE_STANDARD = gnu99;
				GCC_DYNAMIC_NO_PIC = NO;
				GCC_NO_COMMON_BLOCKS = YES;
				GCC_OPTIMIZATION_LEVEL = 0;
				GCC_PREPROCESSOR_DEFINITIONS = (
					"DEBUG=1",
					"$(inherited)",
				);
				GCC_WARN_64_TO_32_BIT_CONVERSION = YES;
				GCC_WARN_ABOUT_RETURN_TYPE = YES_ERROR;
				GCC_WARN_UNDECLARED_SELECTOR = YES;
				GCC_WARN_UNINITIALIZED_AUTOS = YES_AGGRESSIVE;
				GCC_WARN_UNUSED_FUNCTION = YES;
				GCC_WARN_UNUSED_VARIABLE = YES;
				IPHONEOS_DEPLOYMENT_TARGET = 9.3;
				MTL_ENABLE_DEBUG_INFO = YES;
				ONLY_ACTIVE_ARCH = YES;
				SDKROOT = iphoneos;
				SWIFT_OPTIMIZATION_LEVEL = "-Onone";
			};
			name = Debug;
		};
		831059E81CD1B4B0004BA705 /* Release */ = {
			isa = XCBuildConfiguration;
			buildSettings = {
				ALWAYS_SEARCH_USER_PATHS = NO;
				CLANG_ANALYZER_NONNULL = YES;
				CLANG_CXX_LANGUAGE_STANDARD = "gnu++0x";
				CLANG_CXX_LIBRARY = "libc++";
				CLANG_ENABLE_MODULES = YES;
				CLANG_ENABLE_OBJC_ARC = YES;
				CLANG_WARN_BOOL_CONVERSION = YES;
				CLANG_WARN_CONSTANT_CONVERSION = YES;
				CLANG_WARN_DIRECT_OBJC_ISA_USAGE = YES_ERROR;
				CLANG_WARN_EMPTY_BODY = YES;
				CLANG_WARN_ENUM_CONVERSION = YES;
				CLANG_WARN_INFINITE_RECURSION = YES;
				CLANG_WARN_INT_CONVERSION = YES;
				CLANG_WARN_OBJC_ROOT_CLASS = YES_ERROR;
				CLANG_WARN_SUSPICIOUS_MOVE = YES;
				CLANG_WARN_UNREACHABLE_CODE = YES;
				CLANG_WARN__DUPLICATE_METHOD_MATCH = YES;
				"CODE_SIGN_IDENTITY[sdk=iphoneos*]" = "iPhone Developer";
				COPY_PHASE_STRIP = NO;
				DEBUG_INFORMATION_FORMAT = "dwarf-with-dsym";
				ENABLE_NS_ASSERTIONS = NO;
				ENABLE_STRICT_OBJC_MSGSEND = YES;
				GCC_C_LANGUAGE_STANDARD = gnu99;
				GCC_NO_COMMON_BLOCKS = YES;
				GCC_WARN_64_TO_32_BIT_CONVERSION = YES;
				GCC_WARN_ABOUT_RETURN_TYPE = YES_ERROR;
				GCC_WARN_UNDECLARED_SELECTOR = YES;
				GCC_WARN_UNINITIALIZED_AUTOS = YES_AGGRESSIVE;
				GCC_WARN_UNUSED_FUNCTION = YES;
				GCC_WARN_UNUSED_VARIABLE = YES;
				IPHONEOS_DEPLOYMENT_TARGET = 9.3;
				MTL_ENABLE_DEBUG_INFO = NO;
				SDKROOT = iphoneos;
				SWIFT_OPTIMIZATION_LEVEL = "-Owholemodule";
				VALIDATE_PRODUCT = YES;
			};
			name = Release;
		};
		831059EA1CD1B4B0004BA705 /* Debug */ = {
			isa = XCBuildConfiguration;
			buildSettings = {
				ASSETCATALOG_COMPILER_APPICON_NAME = AppIcon;
				INFOPLIST_FILE = RetroCalculator/Info.plist;
				LD_RUNPATH_SEARCH_PATHS = "$(inherited) @executable_path/Frameworks";
				PRODUCT_BUNDLE_IDENTIFIER = com.self.RetroCalculator;
				PRODUCT_NAME = "$(TARGET_NAME)";
				SWIFT_VERSION = 3.0;
			};
			name = Debug;
		};
		831059EB1CD1B4B0004BA705 /* Release */ = {
			isa = XCBuildConfiguration;
			buildSettings = {
				ASSETCATALOG_COMPILER_APPICON_NAME = AppIcon;
				INFOPLIST_FILE = RetroCalculator/Info.plist;
				LD_RUNPATH_SEARCH_PATHS = "$(inherited) @executable_path/Frameworks";
				PRODUCT_BUNDLE_IDENTIFIER = com.self.RetroCalculator;
				PRODUCT_NAME = "$(TARGET_NAME)";
				SWIFT_VERSION = 3.0;
			};
			name = Release;
		};
/* End XCBuildConfiguration section */

/* Begin XCConfigurationList section */
		831059D21CD1B4B0004BA705 /* Build configuration list for PBXProject "RetroCalculator" */ = {
			isa = XCConfigurationList;
			buildConfigurations = (
				831059E71CD1B4B0004BA705 /* Debug */,
				831059E81CD1B4B0004BA705 /* Release */,
			);
			defaultConfigurationIsVisible = 0;
			defaultConfigurationName = Release;
		};
		831059E91CD1B4B0004BA705 /* Build configuration list for PBXNativeTarget "RetroCalculator" */ = {
			isa = XCConfigurationList;
			buildConfigurations = (
				831059EA1CD1B4B0004BA705 /* Debug */,
				831059EB1CD1B4B0004BA705 /* Release */,
			);
			defaultConfigurationIsVisible = 0;
			defaultConfigurationName = Release;
		};
/* End XCConfigurationList section */
	};
	rootObject = 831059CF1CD1B4B0004BA705 /* Project object */;
}
