// !$*UTF8*$!
{
	archiveVersion = 1;
	classes = {
	};
	objectVersion = 46;
	objects = {

/* Begin PBXBuildFile section */
		833909861E7C5B49009CBCED /* AVFoundation.framework in Frameworks */ = {isa = PBXBuildFile; fileRef = 833909851E7C5B49009CBCED /* AVFoundation.framework */; };
		833909881E7C5C08009CBCED /* PlaySoundsViewController+Audio.swift in Sources */ = {isa = PBXBuildFile; fileRef = 833909871E7C5C08009CBCED /* PlaySoundsViewController+Audio.swift */; };
		834E95FA1E7617D000C7F1D9 /* AppDelegate.swift in Sources */ = {isa = PBXBuildFile; fileRef = 834E95F91E7617D000C7F1D9 /* AppDelegate.swift */; };
		834E95FC1E7617D000C7F1D9 /* RecordSoundsViewController.swift in Sources */ = {isa = PBXBuildFile; fileRef = 834E95FB1E7617D000C7F1D9 /* RecordSoundsViewController.swift */; };
		834E95FF1E7617D000C7F1D9 /* Main.storyboard in Resources */ = {isa = PBXBuildFile; fileRef = 834E95FD1E7617D000C7F1D9 /* Main.storyboard */; };
		834E96011E7617D000C7F1D9 /* Assets.xcassets in Resources */ = {isa = PBXBuildFile; fileRef = 834E96001E7617D000C7F1D9 /* Assets.xcassets */; };
		834E96041E7617D000C7F1D9 /* LaunchScreen.storyboard in Resources */ = {isa = PBXBuildFile; fileRef = 834E96021E7617D000C7F1D9 /* LaunchScreen.storyboard */; };
		835E1D951E7B04EB00AE0DE2 /* PlaySoundsViewController.swift in Sources */ = {isa = PBXBuildFile; fileRef = 835E1D941E7B04EB00AE0DE2 /* PlaySoundsViewController.swift */; };
/* End PBXBuildFile section */

/* Begin PBXFileReference section */
		833909851E7C5B49009CBCED /* AVFoundation.framework */ = {isa = PBXFileReference; lastKnownFileType = wrapper.framework; name = AVFoundation.framework; path = System/Library/Frameworks/AVFoundation.framework; sourceTree = SDKROOT; };
		833909871E7C5C08009CBCED /* PlaySoundsViewController+Audio.swift */ = {isa = PBXFileReference; fileEncoding = 4; lastKnownFileType = sourcecode.swift; path = "PlaySoundsViewController+Audio.swift"; sourceTree = "<group>"; };
		834E95F61E7617CF00C7F1D9 /* PitchPerfect.app */ = {isa = PBXFileReference; explicitFileType = wrapper.application; includeInIndex = 0; path = PitchPerfect.app; sourceTree = BUILT_PRODUCTS_DIR; };
		834E95F91E7617D000C7F1D9 /* AppDelegate.swift */ = {isa = PBXFileReference; lastKnownFileType = sourcecode.swift; path = AppDelegate.swift; sourceTree = "<group>"; };
		834E95FB1E7617D000C7F1D9 /* RecordSoundsViewController.swift */ = {isa = PBXFileReference; lastKnownFileType = sourcecode.swift; path = RecordSoundsViewController.swift; sourceTree = "<group>"; };
		834E95FE1E7617D000C7F1D9 /* Base */ = {isa = PBXFileReference; lastKnownFileType = file.storyboard; name = Base; path = Base.lproj/Main.storyboard; sourceTree = "<group>"; };
		834E96001E7617D000C7F1D9 /* Assets.xcassets */ = {isa = PBXFileReference; lastKnownFileType = folder.assetcatalog; path = Assets.xcassets; sourceTree = "<group>"; };
		834E96031E7617D000C7F1D9 /* Base */ = {isa = PBXFileReference; lastKnownFileType = file.storyboard; name = Base; path = Base.lproj/LaunchScreen.storyboard; sourceTree = "<group>"; };
		834E96051E7617D000C7F1D9 /* Info.plist */ = {isa = PBXFileReference; lastKnownFileType = text.plist.xml; path = Info.plist; sourceTree = "<group>"; };
		835E1D941E7B04EB00AE0DE2 /* PlaySoundsViewController.swift */ = {isa = PBXFileReference; fileEncoding = 4; lastKnownFileType = sourcecode.swift; path = PlaySoundsViewController.swift; sourceTree = "<group>"; };
/* End PBXFileReference section */

/* Begin PBXFrameworksBuildPhase section */
		834E95F31E7617CF00C7F1D9 /* Frameworks */ = {
			isa = PBXFrameworksBuildPhase;
			buildActionMask = 2147483647;
			files = (
				833909861E7C5B49009CBCED /* AVFoundation.framework in Frameworks */,
			);
			runOnlyForDeploymentPostprocessing = 0;
		};
/* End PBXFrameworksBuildPhase section */

/* Begin PBXGroup section */
		833909841E7C5B49009CBCED /* Frameworks */ = {
			isa = PBXGroup;
			children = (
				833909851E7C5B49009CBCED /* AVFoundation.framework */,
			);
			name = Frameworks;
			sourceTree = "<group>";
		};
		834E95ED1E7617CF00C7F1D9 = {
			isa = PBXGroup;
			children = (
				834E95F81E7617CF00C7F1D9 /* PitchPerfect */,
				834E95F71E7617CF00C7F1D9 /* Products */,
				833909841E7C5B49009CBCED /* Frameworks */,
			);
			sourceTree = "<group>";
		};
		834E95F71E7617CF00C7F1D9 /* Products */ = {
			isa = PBXGroup;
			children = (
				834E95F61E7617CF00C7F1D9 /* PitchPerfect.app */,
			);
			name = Products;
			sourceTree = "<group>";
		};
		834E95F81E7617CF00C7F1D9 /* PitchPerfect */ = {
			isa = PBXGroup;
			children = (
				834E95F91E7617D000C7F1D9 /* AppDelegate.swift */,
				834E95FB1E7617D000C7F1D9 /* RecordSoundsViewController.swift */,
				835E1D941E7B04EB00AE0DE2 /* PlaySoundsViewController.swift */,
				833909871E7C5C08009CBCED /* PlaySoundsViewController+Audio.swift */,
				834E95FD1E7617D000C7F1D9 /* Main.storyboard */,
				834E96001E7617D000C7F1D9 /* Assets.xcassets */,
				834E96021E7617D000C7F1D9 /* LaunchScreen.storyboard */,
				834E96051E7617D000C7F1D9 /* Info.plist */,
			);
			path = PitchPerfect;
			sourceTree = "<group>";
		};
/* End PBXGroup section */

/* Begin PBXNativeTarget section */
		834E95F51E7617CF00C7F1D9 /* PitchPerfect */ = {
			isa = PBXNativeTarget;
			buildConfigurationList = 834E96081E7617D000C7F1D9 /* Build configuration list for PBXNativeTarget "PitchPerfect" */;
			buildPhases = (
				834E95F21E7617CF00C7F1D9 /* Sources */,
				834E95F31E7617CF00C7F1D9 /* Frameworks */,
				834E95F41E7617CF00C7F1D9 /* Resources */,
			);
			buildRules = (
			);
			dependencies = (
			);
			name = PitchPerfect;
			productName = PitchPerfect;
			productReference = 834E95F61E7617CF00C7F1D9 /* PitchPerfect.app */;
			productType = "com.apple.product-type.application";
		};
/* End PBXNativeTarget section */

/* Begin PBXProject section */
		834E95EE1E7617CF00C7F1D9 /* Project object */ = {
			isa = PBXProject;
			attributes = {
				LastSwiftUpdateCheck = 0820;
				LastUpgradeCheck = 0900;
				ORGANIZATIONNAME = "Christopher Combes";
				TargetAttributes = {
					834E95F51E7617CF00C7F1D9 = {
						CreatedOnToolsVersion = 8.2.1;
						LastSwiftMigration = 0900;
						ProvisioningStyle = Automatic;
					};
				};
			};
			buildConfigurationList = 834E95F11E7617CF00C7F1D9 /* Build configuration list for PBXProject "PitchPerfect" */;
			compatibilityVersion = "Xcode 3.2";
			developmentRegion = English;
			hasScannedForEncodings = 0;
			knownRegions = (
				en,
				Base,
			);
			mainGroup = 834E95ED1E7617CF00C7F1D9;
			productRefGroup = 834E95F71E7617CF00C7F1D9 /* Products */;
			projectDirPath = "";
			projectRoot = "";
			targets = (
				834E95F51E7617CF00C7F1D9 /* PitchPerfect */,
			);
		};
/* End PBXProject section */

/* Begin PBXResourcesBuildPhase section */
		834E95F41E7617CF00C7F1D9 /* Resources */ = {
			isa = PBXResourcesBuildPhase;
			buildActionMask = 2147483647;
			files = (
				834E96041E7617D000C7F1D9 /* LaunchScreen.storyboard in Resources */,
				834E96011E7617D000C7F1D9 /* Assets.xcassets in Resources */,
				834E95FF1E7617D000C7F1D9 /* Main.storyboard in Resources */,
			);
			runOnlyForDeploymentPostprocessing = 0;
		};
/* End PBXResourcesBuildPhase section */

/* Begin PBXSourcesBuildPhase section */
		834E95F21E7617CF00C7F1D9 /* Sources */ = {
			isa = PBXSourcesBuildPhase;
			buildActionMask = 2147483647;
			files = (
				834E95FC1E7617D000C7F1D9 /* RecordSoundsViewController.swift in Sources */,
				833909881E7C5C08009CBCED /* PlaySoundsViewController+Audio.swift in Sources */,
				835E1D951E7B04EB00AE0DE2 /* PlaySoundsViewController.swift in Sources */,
				834E95FA1E7617D000C7F1D9 /* AppDelegate.swift in Sources */,
			);
			runOnlyForDeploymentPostprocessing = 0;
		};
/* End PBXSourcesBuildPhase section */

/* Begin PBXVariantGroup section */
		834E95FD1E7617D000C7F1D9 /* Main.storyboard */ = {
			isa = PBXVariantGroup;
			children = (
				834E95FE1E7617D000C7F1D9 /* Base */,
			);
			name = Main.storyboard;
			sourceTree = "<group>";
		};
		834E96021E7617D000C7F1D9 /* LaunchScreen.storyboard */ = {
			isa = PBXVariantGroup;
			children = (
				834E96031E7617D000C7F1D9 /* Base */,
			);
			name = LaunchScreen.storyboard;
			sourceTree = "<group>";
		};
/* End PBXVariantGroup section */

/* Begin XCBuildConfiguration section */
		834E96061E7617D000C7F1D9 /* Debug */ = {
			isa = XCBuildConfiguration;
			buildSettings = {
				ALWAYS_SEARCH_USER_PATHS = NO;
				CLANG_ANALYZER_NONNULL = YES;
				CLANG_CXX_LANGUAGE_STANDARD = "gnu++0x";
				CLANG_CXX_LIBRARY = "libc++";
				CLANG_ENABLE_MODULES = YES;
				CLANG_ENABLE_OBJC_ARC = YES;
				CLANG_WARN_BLOCK_CAPTURE_AUTORELEASING = YES;
				CLANG_WARN_BOOL_CONVERSION = YES;
				CLANG_WARN_COMMA = YES;
				CLANG_WARN_CONSTANT_CONVERSION = YES;
				CLANG_WARN_DIRECT_OBJC_ISA_USAGE = YES_ERROR;
				CLANG_WARN_DOCUMENTATION_COMMENTS = YES;
				CLANG_WARN_EMPTY_BODY = YES;
				CLANG_WARN_ENUM_CONVERSION = YES;
				CLANG_WARN_INFINITE_RECURSION = YES;
				CLANG_WARN_INT_CONVERSION = YES;
				CLANG_WARN_NON_LITERAL_NULL_CONVERSION = YES;
				CLANG_WARN_OBJC_LITERAL_CONVERSION = YES;
				CLANG_WARN_OBJC_ROOT_CLASS = YES_ERROR;
				CLANG_WARN_RANGE_LOOP_ANALYSIS = YES;
				CLANG_WARN_STRICT_PROTOTYPES = YES;
				CLANG_WARN_SUSPICIOUS_MOVE = YES;
				CLANG_WARN_UNREACHABLE_CODE = YES;
				CLANG_WARN__DUPLICATE_METHOD_MATCH = YES;
				"CODE_SIGN_IDENTITY[sdk=iphoneos*]" = "iPhone Developer";
				COPY_PHASE_STRIP = NO;
				DEBUG_INFORMATION_FORMAT = dwarf;
				ENABLE_STRICT_OBJC_MSGSEND = YES;
				ENABLE_TESTABILITY = YES;
				GCC_C_LANGUAGE_STANDARD = gnu99;
				GCC_DYNAMIC_NO_PIC = NO;
				GCC_NO_COMMON_BLOCKS = YES;
				GCC_OPTIMIZATION_LEVEL = 0;
				GCC_PREPROCESSOR_DEFINITIONS = (
					"DEBUG=1",
					"$(inherited)",
				);
				GCC_WARN_64_TO_32_BIT_CONVERSION = YES;
				GCC_WARN_ABOUT_RETURN_TYPE = YES_ERROR;
				GCC_WARN_UNDECLARED_SELECTOR = YES;
				GCC_WARN_UNINITIALIZED_AUTOS = YES_AGGRESSIVE;
				GCC_WARN_UNUSED_FUNCTION = YES;
				GCC_WARN_UNUSED_VARIABLE = YES;
				IPHONEOS_DEPLOYMENT_TARGET = 10.2;
				MTL_ENABLE_DEBUG_INFO = YES;
				ONLY_ACTIVE_ARCH = YES;
				SDKROOT = iphoneos;
				SWIFT_ACTIVE_COMPILATION_CONDITIONS = DEBUG;
				SWIFT_OPTIMIZATION_LEVEL = "-Onone";
				TARGETED_DEVICE_FAMILY = "1,2";
			};
			name = Debug;
		};
		834E96071E7617D000C7F1D9 /* Release */ = {
			isa = XCBuildConfiguration;
			buildSettings = {
				ALWAYS_SEARCH_USER_PATHS = NO;
				CLANG_ANALYZER_NONNULL = YES;
				CLANG_CXX_LANGUAGE_STANDARD = "gnu++0x";
				CLANG_CXX_LIBRARY = "libc++";
				CLANG_ENABLE_MODULES = YES;
				CLANG_ENABLE_OBJC_ARC = YES;
				CLANG_WARN_BLOCK_CAPTURE_AUTORELEASING = YES;
				CLANG_WARN_BOOL_CONVERSION = YES;
				CLANG_WARN_COMMA = YES;
				CLANG_WARN_CONSTANT_CONVERSION = YES;
				CLANG_WARN_DIRECT_OBJC_ISA_USAGE = YES_ERROR;
				CLANG_WARN_DOCUMENTATION_COMMENTS = YES;
				CLANG_WARN_EMPTY_BODY = YES;
				CLANG_WARN_ENUM_CONVERSION = YES;
				CLANG_WARN_INFINITE_RECURSION = YES;
				CLANG_WARN_INT_CONVERSION = YES;
				CLANG_WARN_NON_LITERAL_NULL_CONVERSION = YES;
				CLANG_WARN_OBJC_LITERAL_CONVERSION = YES;
				CLANG_WARN_OBJC_ROOT_CLASS = YES_ERROR;
				CLANG_WARN_RANGE_LOOP_ANALYSIS = YES;
				CLANG_WARN_STRICT_PROTOTYPES = YES;
				CLANG_WARN_SUSPICIOUS_MOVE = YES;
				CLANG_WARN_UNREACHABLE_CODE = YES;
				CLANG_WARN__DUPLICATE_METHOD_MATCH = YES;
				"CODE_SIGN_IDENTITY[sdk=iphoneos*]" = "iPhone Developer";
				COPY_PHASE_STRIP = NO;
				DEBUG_INFORMATION_FORMAT = "dwarf-with-dsym";
				ENABLE_NS_ASSERTIONS = NO;
				ENABLE_STRICT_OBJC_MSGSEND = YES;
				GCC_C_LANGUAGE_STANDARD = gnu99;
				GCC_NO_COMMON_BLOCKS = YES;
				GCC_WARN_64_TO_32_BIT_CONVERSION = YES;
				GCC_WARN_ABOUT_RETURN_TYPE = YES_ERROR;
				GCC_WARN_UNDECLARED_SELECTOR = YES;
				GCC_WARN_UNINITIALIZED_AUTOS = YES_AGGRESSIVE;
				GCC_WARN_UNUSED_FUNCTION = YES;
				GCC_WARN_UNUSED_VARIABLE = YES;
				IPHONEOS_DEPLOYMENT_TARGET = 10.2;
				MTL_ENABLE_DEBUG_INFO = NO;
				SDKROOT = iphoneos;
				SWIFT_OPTIMIZATION_LEVEL = "-Owholemodule";
				TARGETED_DEVICE_FAMILY = "1,2";
				VALIDATE_PRODUCT = YES;
			};
			name = Release;
		};
		834E96091E7617D000C7F1D9 /* Debug */ = {
			isa = XCBuildConfiguration;
			buildSettings = {
				ASSETCATALOG_COMPILER_APPICON_NAME = AppIcon;
				INFOPLIST_FILE = PitchPerfect/Info.plist;
				LD_RUNPATH_SEARCH_PATHS = "$(inherited) @executable_path/Frameworks";
				PRODUCT_BUNDLE_IDENTIFIER = com.christophercombes.PitchPerfect;
				PRODUCT_NAME = "$(TARGET_NAME)";
				SWIFT_SWIFT3_OBJC_INFERENCE = Off;
				SWIFT_VERSION = 4.0;
			};
			name = Debug;
		};
		834E960A1E7617D000C7F1D9 /* Release */ = {
			isa = XCBuildConfiguration;
			buildSettings = {
				ASSETCATALOG_COMPILER_APPICON_NAME = AppIcon;
				INFOPLIST_FILE = PitchPerfect/Info.plist;
				LD_RUNPATH_SEARCH_PATHS = "$(inherited) @executable_path/Frameworks";
				PRODUCT_BUNDLE_IDENTIFIER = com.christophercombes.PitchPerfect;
				PRODUCT_NAME = "$(TARGET_NAME)";
				SWIFT_SWIFT3_OBJC_INFERENCE = Off;
				SWIFT_VERSION = 4.0;
			};
			name = Release;
		};
/* End XCBuildConfiguration section */

/* Begin XCConfigurationList section */
		834E95F11E7617CF00C7F1D9 /* Build configuration list for PBXProject "PitchPerfect" */ = {
			isa = XCConfigurationList;
			buildConfigurations = (
				834E96061E7617D000C7F1D9 /* Debug */,
				834E96071E7617D000C7F1D9 /* Release */,
			);
			defaultConfigurationIsVisible = 0;
			defaultConfigurationName = Release;
		};
		834E96081E7617D000C7F1D9 /* Build configuration list for PBXNativeTarget "PitchPerfect" */ = {
			isa = XCConfigurationList;
			buildConfigurations = (
				834E96091E7617D000C7F1D9 /* Debug */,
				834E960A1E7617D000C7F1D9 /* Release */,
			);
			defaultConfigurationIsVisible = 0;
			defaultConfigurationName = Release;
		};
/* End XCConfigurationList section */
	};
	rootObject = 834E95EE1E7617CF00C7F1D9 /* Project object */;
}
