// !$*UTF8*$!
{
	archiveVersion = 1;
	classes = {
	};
	objectVersion = 46;
	objects = {

/* Begin PBXBuildFile section */
		830E2A9F1C39C36C0040A991 /* owl@3x.png in Resources */ = {isa = PBXBuildFile; fileRef = 830E2A9E1C39C36C0040A991 /* owl@3x.png */; };
		8315B4691C30A3F000983C61 /* AppDelegate.swift in Sources */ = {isa = PBXBuildFile; fileRef = 8315B4681C30A3F000983C61 /* AppDelegate.swift */; };
		8315B46B1C30A3F000983C61 /* ViewController.swift in Sources */ = {isa = PBXBuildFile; fileRef = 8315B46A1C30A3F000983C61 /* ViewController.swift */; };
		8315B46E1C30A3F000983C61 /* Main.storyboard in Resources */ = {isa = PBXBuildFile; fileRef = 8315B46C1C30A3F000983C61 /* Main.storyboard */; };
		8315B4701C30A3F000983C61 /* Assets.xcassets in Resources */ = {isa = PBXBuildFile; fileRef = 8315B46F1C30A3F000983C61 /* Assets.xcassets */; };
		8315B4731C30A3F000983C61 /* LaunchScreen.storyboard in Resources */ = {isa = PBXBuildFile; fileRef = 8315B4711C30A3F000983C61 /* LaunchScreen.storyboard */; };
		8315B47E1C30A3F000983C61 /* HashInverterTests.swift in Sources */ = {isa = PBXBuildFile; fileRef = 8315B47D1C30A3F000983C61 /* HashInverterTests.swift */; };
		8315B4891C30A3F000983C61 /* HashInverterUITests.swift in Sources */ = {isa = PBXBuildFile; fileRef = 8315B4881C30A3F000983C61 /* HashInverterUITests.swift */; };
		8328CD671C34B1BD001F369A /* HashConverter.swift in Sources */ = {isa = PBXBuildFile; fileRef = 8328CD661C34B1BD001F369A /* HashConverter.swift */; };
		8328CD681C34B1C3001F369A /* HashConverter.swift in Sources */ = {isa = PBXBuildFile; fileRef = 8328CD661C34B1BD001F369A /* HashConverter.swift */; };
/* End PBXBuildFile section */

/* Begin PBXContainerItemProxy section */
		8315B47A1C30A3F000983C61 /* PBXContainerItemProxy */ = {
			isa = PBXContainerItemProxy;
			containerPortal = 8315B45D1C30A3EF00983C61 /* Project object */;
			proxyType = 1;
			remoteGlobalIDString = 8315B4641C30A3F000983C61;
			remoteInfo = HashInverter;
		};
		8315B4851C30A3F000983C61 /* PBXContainerItemProxy */ = {
			isa = PBXContainerItemProxy;
			containerPortal = 8315B45D1C30A3EF00983C61 /* Project object */;
			proxyType = 1;
			remoteGlobalIDString = 8315B4641C30A3F000983C61;
			remoteInfo = HashInverter;
		};
/* End PBXContainerItemProxy section */

/* Begin PBXFileReference section */
		830E2A9E1C39C36C0040A991 /* owl@3x.png */ = {isa = PBXFileReference; lastKnownFileType = image.png; path = "owl@3x.png"; sourceTree = "<group>"; };
		8315B4651C30A3F000983C61 /* HashInverter.app */ = {isa = PBXFileReference; explicitFileType = wrapper.application; includeInIndex = 0; path = HashInverter.app; sourceTree = BUILT_PRODUCTS_DIR; };
		8315B4681C30A3F000983C61 /* AppDelegate.swift */ = {isa = PBXFileReference; lastKnownFileType = sourcecode.swift; path = AppDelegate.swift; sourceTree = "<group>"; };
		8315B46A1C30A3F000983C61 /* ViewController.swift */ = {isa = PBXFileReference; lastKnownFileType = sourcecode.swift; path = ViewController.swift; sourceTree = "<group>"; };
		8315B46D1C30A3F000983C61 /* Base */ = {isa = PBXFileReference; lastKnownFileType = file.storyboard; name = Base; path = Base.lproj/Main.storyboard; sourceTree = "<group>"; };
		8315B46F1C30A3F000983C61 /* Assets.xcassets */ = {isa = PBXFileReference; lastKnownFileType = folder.assetcatalog; path = Assets.xcassets; sourceTree = "<group>"; };
		8315B4721C30A3F000983C61 /* Base */ = {isa = PBXFileReference; lastKnownFileType = file.storyboard; name = Base; path = Base.lproj/LaunchScreen.storyboard; sourceTree = "<group>"; };
		8315B4741C30A3F000983C61 /* Info.plist */ = {isa = PBXFileReference; lastKnownFileType = text.plist.xml; path = Info.plist; sourceTree = "<group>"; };
		8315B4791C30A3F000983C61 /* HashInverterTests.xctest */ = {isa = PBXFileReference; explicitFileType = wrapper.cfbundle; includeInIndex = 0; path = HashInverterTests.xctest; sourceTree = BUILT_PRODUCTS_DIR; };
		8315B47D1C30A3F000983C61 /* HashInverterTests.swift */ = {isa = PBXFileReference; lastKnownFileType = sourcecode.swift; path = HashInverterTests.swift; sourceTree = "<group>"; };
		8315B47F1C30A3F000983C61 /* Info.plist */ = {isa = PBXFileReference; lastKnownFileType = text.plist.xml; path = Info.plist; sourceTree = "<group>"; };
		8315B4841C30A3F000983C61 /* HashInverterUITests.xctest */ = {isa = PBXFileReference; explicitFileType = wrapper.cfbundle; includeInIndex = 0; path = HashInverterUITests.xctest; sourceTree = BUILT_PRODUCTS_DIR; };
		8315B4881C30A3F000983C61 /* HashInverterUITests.swift */ = {isa = PBXFileReference; lastKnownFileType = sourcecode.swift; path = HashInverterUITests.swift; sourceTree = "<group>"; };
		8315B48A1C30A3F000983C61 /* Info.plist */ = {isa = PBXFileReference; lastKnownFileType = text.plist.xml; path = Info.plist; sourceTree = "<group>"; };
		8328CD661C34B1BD001F369A /* HashConverter.swift */ = {isa = PBXFileReference; fileEncoding = 4; lastKnownFileType = sourcecode.swift; path = HashConverter.swift; sourceTree = "<group>"; };
/* End PBXFileReference section */

/* Begin PBXFrameworksBuildPhase section */
		8315B4621C30A3F000983C61 /* Frameworks */ = {
			isa = PBXFrameworksBuildPhase;
			buildActionMask = 2147483647;
			files = (
			);
			runOnlyForDeploymentPostprocessing = 0;
		};
		8315B4761C30A3F000983C61 /* Frameworks */ = {
			isa = PBXFrameworksBuildPhase;
			buildActionMask = 2147483647;
			files = (
			);
			runOnlyForDeploymentPostprocessing = 0;
		};
		8315B4811C30A3F000983C61 /* Frameworks */ = {
			isa = PBXFrameworksBuildPhase;
			buildActionMask = 2147483647;
			files = (
			);
			runOnlyForDeploymentPostprocessing = 0;
		};
/* End PBXFrameworksBuildPhase section */

/* Begin PBXGroup section */
		8315B45C1C30A3EF00983C61 = {
			isa = PBXGroup;
			children = (
				8315B4671C30A3F000983C61 /* HashInverter */,
				8315B47C1C30A3F000983C61 /* HashInverterTests */,
				8315B4871C30A3F000983C61 /* HashInverterUITests */,
				8315B4661C30A3F000983C61 /* Products */,
			);
			sourceTree = "<group>";
		};
		8315B4661C30A3F000983C61 /* Products */ = {
			isa = PBXGroup;
			children = (
				8315B4651C30A3F000983C61 /* HashInverter.app */,
				8315B4791C30A3F000983C61 /* HashInverterTests.xctest */,
				8315B4841C30A3F000983C61 /* HashInverterUITests.xctest */,
			);
			name = Products;
			sourceTree = "<group>";
		};
		8315B4671C30A3F000983C61 /* HashInverter */ = {
			isa = PBXGroup;
			children = (
				8315B4681C30A3F000983C61 /* AppDelegate.swift */,
				8315B46A1C30A3F000983C61 /* ViewController.swift */,
				8315B46C1C30A3F000983C61 /* Main.storyboard */,
				8315B46F1C30A3F000983C61 /* Assets.xcassets */,
				8315B4711C30A3F000983C61 /* LaunchScreen.storyboard */,
				8315B4741C30A3F000983C61 /* Info.plist */,
				8328CD661C34B1BD001F369A /* HashConverter.swift */,
				830E2A9E1C39C36C0040A991 /* owl@3x.png */,
			);
			path = HashInverter;
			sourceTree = "<group>";
		};
		8315B47C1C30A3F000983C61 /* HashInverterTests */ = {
			isa = PBXGroup;
			children = (
				8315B47D1C30A3F000983C61 /* HashInverterTests.swift */,
				8315B47F1C30A3F000983C61 /* Info.plist */,
			);
			path = HashInverterTests;
			sourceTree = "<group>";
		};
		8315B4871C30A3F000983C61 /* HashInverterUITests */ = {
			isa = PBXGroup;
			children = (
				8315B4881C30A3F000983C61 /* HashInverterUITests.swift */,
				8315B48A1C30A3F000983C61 /* Info.plist */,
			);
			path = HashInverterUITests;
			sourceTree = "<group>";
		};
/* End PBXGroup section */

/* Begin PBXNativeTarget section */
		8315B4641C30A3F000983C61 /* HashInverter */ = {
			isa = PBXNativeTarget;
			buildConfigurationList = 8315B48D1C30A3F000983C61 /* Build configuration list for PBXNativeTarget "HashInverter" */;
			buildPhases = (
				8315B4611C30A3F000983C61 /* Sources */,
				8315B4621C30A3F000983C61 /* Frameworks */,
				8315B4631C30A3F000983C61 /* Resources */,
			);
			buildRules = (
			);
			dependencies = (
			);
			name = HashInverter;
			productName = HashInverter;
			productReference = 8315B4651C30A3F000983C61 /* HashInverter.app */;
			productType = "com.apple.product-type.application";
		};
		8315B4781C30A3F000983C61 /* HashInverterTests */ = {
			isa = PBXNativeTarget;
			buildConfigurationList = 8315B4901C30A3F000983C61 /* Build configuration list for PBXNativeTarget "HashInverterTests" */;
			buildPhases = (
				8315B4751C30A3F000983C61 /* Sources */,
				8315B4761C30A3F000983C61 /* Frameworks */,
				8315B4771C30A3F000983C61 /* Resources */,
			);
			buildRules = (
			);
			dependencies = (
				8315B47B1C30A3F000983C61 /* PBXTargetDependency */,
			);
			name = HashInverterTests;
			productName = HashInverterTests;
			productReference = 8315B4791C30A3F000983C61 /* HashInverterTests.xctest */;
			productType = "com.apple.product-type.bundle.unit-test";
		};
		8315B4831C30A3F000983C61 /* HashInverterUITests */ = {
			isa = PBXNativeTarget;
			buildConfigurationList = 8315B4931C30A3F000983C61 /* Build configuration list for PBXNativeTarget "HashInverterUITests" */;
			buildPhases = (
				8315B4801C30A3F000983C61 /* Sources */,
				8315B4811C30A3F000983C61 /* Frameworks */,
				8315B4821C30A3F000983C61 /* Resources */,
			);
			buildRules = (
			);
			dependencies = (
				8315B4861C30A3F000983C61 /* PBXTargetDependency */,
			);
			name = HashInverterUITests;
			productName = HashInverterUITests;
			productReference = 8315B4841C30A3F000983C61 /* HashInverterUITests.xctest */;
			productType = "com.apple.product-type.bundle.ui-testing";
		};
/* End PBXNativeTarget section */

/* Begin PBXProject section */
		8315B45D1C30A3EF00983C61 /* Project object */ = {
			isa = PBXProject;
			attributes = {
				LastSwiftUpdateCheck = 0710;
				LastUpgradeCheck = 0900;
				ORGANIZATIONNAME = "Christopher Combes";
				TargetAttributes = {
					8315B4641C30A3F000983C61 = {
						CreatedOnToolsVersion = 7.1.1;
						LastSwiftMigration = 0900;
					};
					8315B4781C30A3F000983C61 = {
						CreatedOnToolsVersion = 7.1.1;
						LastSwiftMigration = 0900;
						TestTargetID = 8315B4641C30A3F000983C61;
					};
					8315B4831C30A3F000983C61 = {
						CreatedOnToolsVersion = 7.1.1;
						LastSwiftMigration = 0900;
						TestTargetID = 8315B4641C30A3F000983C61;
					};
				};
			};
			buildConfigurationList = 8315B4601C30A3EF00983C61 /* Build configuration list for PBXProject "HashInverter" */;
			compatibilityVersion = "Xcode 3.2";
			developmentRegion = English;
			hasScannedForEncodings = 0;
			knownRegions = (
				en,
				Base,
			);
			mainGroup = 8315B45C1C30A3EF00983C61;
			productRefGroup = 8315B4661C30A3F000983C61 /* Products */;
			projectDirPath = "";
			projectRoot = "";
			targets = (
				8315B4641C30A3F000983C61 /* HashInverter */,
				8315B4781C30A3F000983C61 /* HashInverterTests */,
				8315B4831C30A3F000983C61 /* HashInverterUITests */,
			);
		};
/* End PBXProject section */

/* Begin PBXResourcesBuildPhase section */
		8315B4631C30A3F000983C61 /* Resources */ = {
			isa = PBXResourcesBuildPhase;
			buildActionMask = 2147483647;
			files = (
				830E2A9F1C39C36C0040A991 /* owl@3x.png in Resources */,
				8315B4731C30A3F000983C61 /* LaunchScreen.storyboard in Resources */,
				8315B4701C30A3F000983C61 /* Assets.xcassets in Resources */,
				8315B46E1C30A3F000983C61 /* Main.storyboard in Resources */,
			);
			runOnlyForDeploymentPostprocessing = 0;
		};
		8315B4771C30A3F000983C61 /* Resources */ = {
			isa = PBXResourcesBuildPhase;
			buildActionMask = 2147483647;
			files = (
			);
			runOnlyForDeploymentPostprocessing = 0;
		};
		8315B4821C30A3F000983C61 /* Resources */ = {
			isa = PBXResourcesBuildPhase;
			buildActionMask = 2147483647;
			files = (
			);
			runOnlyForDeploymentPostprocessing = 0;
		};
/* End PBXResourcesBuildPhase section */

/* Begin PBXSourcesBuildPhase section */
		8315B4611C30A3F000983C61 /* Sources */ = {
			isa = PBXSourcesBuildPhase;
			buildActionMask = 2147483647;
			files = (
				8328CD671C34B1BD001F369A /* HashConverter.swift in Sources */,
				8315B46B1C30A3F000983C61 /* ViewController.swift in Sources */,
				8315B4691C30A3F000983C61 /* AppDelegate.swift in Sources */,
			);
			runOnlyForDeploymentPostprocessing = 0;
		};
		8315B4751C30A3F000983C61 /* Sources */ = {
			isa = PBXSourcesBuildPhase;
			buildActionMask = 2147483647;
			files = (
				8328CD681C34B1C3001F369A /* HashConverter.swift in Sources */,
				8315B47E1C30A3F000983C61 /* HashInverterTests.swift in Sources */,
			);
			runOnlyForDeploymentPostprocessing = 0;
		};
		8315B4801C30A3F000983C61 /* Sources */ = {
			isa = PBXSourcesBuildPhase;
			buildActionMask = 2147483647;
			files = (
				8315B4891C30A3F000983C61 /* HashInverterUITests.swift in Sources */,
			);
			runOnlyForDeploymentPostprocessing = 0;
		};
/* End PBXSourcesBuildPhase section */

/* Begin PBXTargetDependency section */
		8315B47B1C30A3F000983C61 /* PBXTargetDependency */ = {
			isa = PBXTargetDependency;
			target = 8315B4641C30A3F000983C61 /* HashInverter */;
			targetProxy = 8315B47A1C30A3F000983C61 /* PBXContainerItemProxy */;
		};
		8315B4861C30A3F000983C61 /* PBXTargetDependency */ = {
			isa = PBXTargetDependency;
			target = 8315B4641C30A3F000983C61 /* HashInverter */;
			targetProxy = 8315B4851C30A3F000983C61 /* PBXContainerItemProxy */;
		};
/* End PBXTargetDependency section */

/* Begin PBXVariantGroup section */
		8315B46C1C30A3F000983C61 /* Main.storyboard */ = {
			isa = PBXVariantGroup;
			children = (
				8315B46D1C30A3F000983C61 /* Base */,
			);
			name = Main.storyboard;
			sourceTree = "<group>";
		};
		8315B4711C30A3F000983C61 /* LaunchScreen.storyboard */ = {
			isa = PBXVariantGroup;
			children = (
				8315B4721C30A3F000983C61 /* Base */,
			);
			name = LaunchScreen.storyboard;
			sourceTree = "<group>";
		};
/* End PBXVariantGroup section */

/* Begin XCBuildConfiguration section */
		8315B48B1C30A3F000983C61 /* Debug */ = {
			isa = XCBuildConfiguration;
			buildSettings = {
				ALWAYS_SEARCH_USER_PATHS = NO;
				CLANG_CXX_LANGUAGE_STANDARD = "gnu++0x";
				CLANG_CXX_LIBRARY = "libc++";
				CLANG_ENABLE_MODULES = YES;
				CLANG_ENABLE_OBJC_ARC = YES;
				CLANG_WARN_BLOCK_CAPTURE_AUTORELEASING = YES;
				CLANG_WARN_BOOL_CONVERSION = YES;
				CLANG_WARN_COMMA = YES;
				CLANG_WARN_CONSTANT_CONVERSION = YES;
				CLANG_WARN_DIRECT_OBJC_ISA_USAGE = YES_ERROR;
				CLANG_WARN_EMPTY_BODY = YES;
				CLANG_WARN_ENUM_CONVERSION = YES;
				CLANG_WARN_INFINITE_RECURSION = YES;
				CLANG_WARN_INT_CONVERSION = YES;
				CLANG_WARN_NON_LITERAL_NULL_CONVERSION = YES;
				CLANG_WARN_OBJC_LITERAL_CONVERSION = YES;
				CLANG_WARN_OBJC_ROOT_CLASS = YES_ERROR;
				CLANG_WARN_RANGE_LOOP_ANALYSIS = YES;
				CLANG_WARN_STRICT_PROTOTYPES = YES;
				CLANG_WARN_SUSPICIOUS_MOVE = YES;
				CLANG_WARN_UNREACHABLE_CODE = YES;
				CLANG_WARN__DUPLICATE_METHOD_MATCH = YES;
				"CODE_SIGN_IDENTITY[sdk=iphoneos*]" = "iPhone Developer";
				COPY_PHASE_STRIP = NO;
				DEBUG_INFORMATION_FORMAT = dwarf;
				ENABLE_STRICT_OBJC_MSGSEND = YES;
				ENABLE_TESTABILITY = YES;
				GCC_C_LANGUAGE_STANDARD = gnu99;
				GCC_DYNAMIC_NO_PIC = NO;
				GCC_NO_COMMON_BLOCKS = YES;
				GCC_OPTIMIZATION_LEVEL = 0;
				GCC_PREPROCESSOR_DEFINITIONS = (
					"DEBUG=1",
					"$(inherited)",
				);
				GCC_WARN_64_TO_32_BIT_CONVERSION = YES;
				GCC_WARN_ABOUT_RETURN_TYPE = YES_ERROR;
				GCC_WARN_UNDECLARED_SELECTOR = YES;
				GCC_WARN_UNINITIALIZED_AUTOS = YES_AGGRESSIVE;
				GCC_WARN_UNUSED_FUNCTION = YES;
				GCC_WARN_UNUSED_VARIABLE = YES;
				IPHONEOS_DEPLOYMENT_TARGET = 9.1;
				MTL_ENABLE_DEBUG_INFO = YES;
				ONLY_ACTIVE_ARCH = YES;
				SDKROOT = iphoneos;
				SWIFT_OPTIMIZATION_LEVEL = "-Onone";
				SWIFT_SWIFT3_OBJC_INFERENCE = Off;
				SWIFT_VERSION = 4.0;
				TARGETED_DEVICE_FAMILY = "1,2";
			};
			name = Debug;
		};
		8315B48C1C30A3F000983C61 /* Release */ = {
			isa = XCBuildConfiguration;
			buildSettings = {
				ALWAYS_SEARCH_USER_PATHS = NO;
				CLANG_CXX_LANGUAGE_STANDARD = "gnu++0x";
				CLANG_CXX_LIBRARY = "libc++";
				CLANG_ENABLE_MODULES = YES;
				CLANG_ENABLE_OBJC_ARC = YES;
				CLANG_WARN_BLOCK_CAPTURE_AUTORELEASING = YES;
				CLANG_WARN_BOOL_CONVERSION = YES;
				CLANG_WARN_COMMA = YES;
				CLANG_WARN_CONSTANT_CONVERSION = YES;
				CLANG_WARN_DIRECT_OBJC_ISA_USAGE = YES_ERROR;
				CLANG_WARN_EMPTY_BODY = YES;
				CLANG_WARN_ENUM_CONVERSION = YES;
				CLANG_WARN_INFINITE_RECURSION = YES;
				CLANG_WARN_INT_CONVERSION = YES;
				CLANG_WARN_NON_LITERAL_NULL_CONVERSION = YES;
				CLANG_WARN_OBJC_LITERAL_CONVERSION = YES;
				CLANG_WARN_OBJC_ROOT_CLASS = YES_ERROR;
				CLANG_WARN_RANGE_LOOP_ANALYSIS = YES;
				CLANG_WARN_STRICT_PROTOTYPES = YES;
				CLANG_WARN_SUSPICIOUS_MOVE = YES;
				CLANG_WARN_UNREACHABLE_CODE = YES;
				CLANG_WARN__DUPLICATE_METHOD_MATCH = YES;
				"CODE_SIGN_IDENTITY[sdk=iphoneos*]" = "iPhone Developer";
				COPY_PHASE_STRIP = NO;
				DEBUG_INFORMATION_FORMAT = "dwarf-with-dsym";
				ENABLE_NS_ASSERTIONS = NO;
				ENABLE_STRICT_OBJC_MSGSEND = YES;
				GCC_C_LANGUAGE_STANDARD = gnu99;
				GCC_NO_COMMON_BLOCKS = YES;
				GCC_WARN_64_TO_32_BIT_CONVERSION = YES;
				GCC_WARN_ABOUT_RETURN_TYPE = YES_ERROR;
				GCC_WARN_UNDECLARED_SELECTOR = YES;
				GCC_WARN_UNINITIALIZED_AUTOS = YES_AGGRESSIVE;
				GCC_WARN_UNUSED_FUNCTION = YES;
				GCC_WARN_UNUSED_VARIABLE = YES;
				IPHONEOS_DEPLOYMENT_TARGET = 9.1;
				MTL_ENABLE_DEBUG_INFO = NO;
				SDKROOT = iphoneos;
				SWIFT_OPTIMIZATION_LEVEL = "-Owholemodule";
				SWIFT_SWIFT3_OBJC_INFERENCE = Off;
				SWIFT_VERSION = 4.0;
				TARGETED_DEVICE_FAMILY = "1,2";
				VALIDATE_PRODUCT = YES;
			};
			name = Release;
		};
		8315B48E1C30A3F000983C61 /* Debug */ = {
			isa = XCBuildConfiguration;
			buildSettings = {
				ASSETCATALOG_COMPILER_APPICON_NAME = AppIcon;
				INFOPLIST_FILE = HashInverter/Info.plist;
				LD_RUNPATH_SEARCH_PATHS = "$(inherited) @executable_path/Frameworks";
				PRODUCT_BUNDLE_IDENTIFIER = com.self.HashInverter;
				PRODUCT_NAME = "$(TARGET_NAME)";
				SWIFT_SWIFT3_OBJC_INFERENCE = Off;
				SWIFT_VERSION = 4.0;
			};
			name = Debug;
		};
		8315B48F1C30A3F000983C61 /* Release */ = {
			isa = XCBuildConfiguration;
			buildSettings = {
				ASSETCATALOG_COMPILER_APPICON_NAME = AppIcon;
				INFOPLIST_FILE = HashInverter/Info.plist;
				LD_RUNPATH_SEARCH_PATHS = "$(inherited) @executable_path/Frameworks";
				PRODUCT_BUNDLE_IDENTIFIER = com.self.HashInverter;
				PRODUCT_NAME = "$(TARGET_NAME)";
				SWIFT_SWIFT3_OBJC_INFERENCE = Off;
				SWIFT_VERSION = 4.0;
			};
			name = Release;
		};
		8315B4911C30A3F000983C61 /* Debug */ = {
			isa = XCBuildConfiguration;
			buildSettings = {
				BUNDLE_LOADER = "$(TEST_HOST)";
				INFOPLIST_FILE = HashInverterTests/Info.plist;
				LD_RUNPATH_SEARCH_PATHS = "$(inherited) @executable_path/Frameworks @loader_path/Frameworks";
				PRODUCT_BUNDLE_IDENTIFIER = com.self.HashInverterTests;
				PRODUCT_NAME = "$(TARGET_NAME)";
				SWIFT_SWIFT3_OBJC_INFERENCE = Off;
				SWIFT_VERSION = 4.0;
				TEST_HOST = "$(BUILT_PRODUCTS_DIR)/HashInverter.app/HashInverter";
			};
			name = Debug;
		};
		8315B4921C30A3F000983C61 /* Release */ = {
			isa = XCBuildConfiguration;
			buildSettings = {
				BUNDLE_LOADER = "$(TEST_HOST)";
				INFOPLIST_FILE = HashInverterTests/Info.plist;
				LD_RUNPATH_SEARCH_PATHS = "$(inherited) @executable_path/Frameworks @loader_path/Frameworks";
				PRODUCT_BUNDLE_IDENTIFIER = com.self.HashInverterTests;
				PRODUCT_NAME = "$(TARGET_NAME)";
				SWIFT_SWIFT3_OBJC_INFERENCE = Off;
				SWIFT_VERSION = 4.0;
				TEST_HOST = "$(BUILT_PRODUCTS_DIR)/HashInverter.app/HashInverter";
			};
			name = Release;
		};
		8315B4941C30A3F000983C61 /* Debug */ = {
			isa = XCBuildConfiguration;
			buildSettings = {
				INFOPLIST_FILE = HashInverterUITests/Info.plist;
				LD_RUNPATH_SEARCH_PATHS = "$(inherited) @executable_path/Frameworks @loader_path/Frameworks";
				PRODUCT_BUNDLE_IDENTIFIER = com.self.HashInverterUITests;
				PRODUCT_NAME = "$(TARGET_NAME)";
				SWIFT_SWIFT3_OBJC_INFERENCE = Off;
				SWIFT_VERSION = 4.0;
				TEST_TARGET_NAME = HashInverter;
				USES_XCTRUNNER = YES;
			};
			name = Debug;
		};
		8315B4951C30A3F000983C61 /* Release */ = {
			isa = XCBuildConfiguration;
			buildSettings = {
				INFOPLIST_FILE = HashInverterUITests/Info.plist;
				LD_RUNPATH_SEARCH_PATHS = "$(inherited) @executable_path/Frameworks @loader_path/Frameworks";
				PRODUCT_BUNDLE_IDENTIFIER = com.self.HashInverterUITests;
				PRODUCT_NAME = "$(TARGET_NAME)";
				SWIFT_SWIFT3_OBJC_INFERENCE = Off;
				SWIFT_VERSION = 4.0;
				TEST_TARGET_NAME = HashInverter;
				USES_XCTRUNNER = YES;
			};
			name = Release;
		};
/* End XCBuildConfiguration section */

/* Begin XCConfigurationList section */
		8315B4601C30A3EF00983C61 /* Build configuration list for PBXProject "HashInverter" */ = {
			isa = XCConfigurationList;
			buildConfigurations = (
				8315B48B1C30A3F000983C61 /* Debug */,
				8315B48C1C30A3F000983C61 /* Release */,
			);
			defaultConfigurationIsVisible = 0;
			defaultConfigurationName = Release;
		};
		8315B48D1C30A3F000983C61 /* Build configuration list for PBXNativeTarget "HashInverter" */ = {
			isa = XCConfigurationList;
			buildConfigurations = (
				8315B48E1C30A3F000983C61 /* Debug */,
				8315B48F1C30A3F000983C61 /* Release */,
			);
			defaultConfigurationIsVisible = 0;
			defaultConfigurationName = Release;
		};
		8315B4901C30A3F000983C61 /* Build configuration list for PBXNativeTarget "HashInverterTests" */ = {
			isa = XCConfigurationList;
			buildConfigurations = (
				8315B4911C30A3F000983C61 /* Debug */,
				8315B4921C30A3F000983C61 /* Release */,
			);
			defaultConfigurationIsVisible = 0;
			defaultConfigurationName = Release;
		};
		8315B4931C30A3F000983C61 /* Build configuration list for PBXNativeTarget "HashInverterUITests" */ = {
			isa = XCConfigurationList;
			buildConfigurations = (
				8315B4941C30A3F000983C61 /* Debug */,
				8315B4951C30A3F000983C61 /* Release */,
			);
			defaultConfigurationIsVisible = 0;
			defaultConfigurationName = Release;
		};
/* End XCConfigurationList section */
	};
	rootObject = 8315B45D1C30A3EF00983C61 /* Project object */;
}
