// !$*UTF8*$!
{
	archiveVersion = 1;
	classes = {
	};
	objectVersion = 46;
	objects = {

/* Begin PBXBuildFile section */
		83059BD01DB1EE2700CBD1E8 /* AppDelegate.swift in Sources */ = {isa = PBXBuildFile; fileRef = 83059BCF1DB1EE2700CBD1E8 /* AppDelegate.swift */; };
		83059BD21DB1EE2700CBD1E8 /* ViewController.swift in Sources */ = {isa = PBXBuildFile; fileRef = 83059BD11DB1EE2700CBD1E8 /* ViewController.swift */; };
		83059BD51DB1EE2700CBD1E8 /* Main.storyboard in Resources */ = {isa = PBXBuildFile; fileRef = 83059BD31DB1EE2700CBD1E8 /* Main.storyboard */; };
		83059BD81DB1EE2700CBD1E8 /* SwiftSample.xcdatamodeld in Sources */ = {isa = PBXBuildFile; fileRef = 83059BD61DB1EE2700CBD1E8 /* SwiftSample.xcdatamodeld */; };
		83059BDA1DB1EE2700CBD1E8 /* Assets.xcassets in Resources */ = {isa = PBXBuildFile; fileRef = 83059BD91DB1EE2700CBD1E8 /* Assets.xcassets */; };
		83059BDD1DB1EE2700CBD1E8 /* LaunchScreen.storyboard in Resources */ = {isa = PBXBuildFile; fileRef = 83059BDB1DB1EE2700CBD1E8 /* LaunchScreen.storyboard */; };
		83059BE81DB1EE2700CBD1E8 /* SwiftSampleTests.swift in Sources */ = {isa = PBXBuildFile; fileRef = 83059BE71DB1EE2700CBD1E8 /* SwiftSampleTests.swift */; };
		83059BF31DB1EE2700CBD1E8 /* SwiftSampleUITests.swift in Sources */ = {isa = PBXBuildFile; fileRef = 83059BF21DB1EE2700CBD1E8 /* SwiftSampleUITests.swift */; };
/* End PBXBuildFile section */

/* Begin PBXContainerItemProxy section */
		83059BE41DB1EE2700CBD1E8 /* PBXContainerItemProxy */ = {
			isa = PBXContainerItemProxy;
			containerPortal = 83059BC41DB1EE2700CBD1E8 /* Project object */;
			proxyType = 1;
			remoteGlobalIDString = 83059BCB1DB1EE2700CBD1E8;
			remoteInfo = SwiftSample;
		};
		83059BEF1DB1EE2700CBD1E8 /* PBXContainerItemProxy */ = {
			isa = PBXContainerItemProxy;
			containerPortal = 83059BC41DB1EE2700CBD1E8 /* Project object */;
			proxyType = 1;
			remoteGlobalIDString = 83059BCB1DB1EE2700CBD1E8;
			remoteInfo = SwiftSample;
		};
/* End PBXContainerItemProxy section */

/* Begin PBXFileReference section */
		83059BCC1DB1EE2700CBD1E8 /* SwiftSample.app */ = {isa = PBXFileReference; explicitFileType = wrapper.application; includeInIndex = 0; path = SwiftSample.app; sourceTree = BUILT_PRODUCTS_DIR; };
		83059BCF1DB1EE2700CBD1E8 /* AppDelegate.swift */ = {isa = PBXFileReference; lastKnownFileType = sourcecode.swift; path = AppDelegate.swift; sourceTree = "<group>"; };
		83059BD11DB1EE2700CBD1E8 /* ViewController.swift */ = {isa = PBXFileReference; lastKnownFileType = sourcecode.swift; path = ViewController.swift; sourceTree = "<group>"; };
		83059BD41DB1EE2700CBD1E8 /* Base */ = {isa = PBXFileReference; lastKnownFileType = file.storyboard; name = Base; path = Base.lproj/Main.storyboard; sourceTree = "<group>"; };
		83059BD71DB1EE2700CBD1E8 /* SwiftSample.xcdatamodel */ = {isa = PBXFileReference; lastKnownFileType = wrapper.xcdatamodel; path = SwiftSample.xcdatamodel; sourceTree = "<group>"; };
		83059BD91DB1EE2700CBD1E8 /* Assets.xcassets */ = {isa = PBXFileReference; lastKnownFileType = folder.assetcatalog; path = Assets.xcassets; sourceTree = "<group>"; };
		83059BDC1DB1EE2700CBD1E8 /* Base */ = {isa = PBXFileReference; lastKnownFileType = file.storyboard; name = Base; path = Base.lproj/LaunchScreen.storyboard; sourceTree = "<group>"; };
		83059BDE1DB1EE2700CBD1E8 /* Info.plist */ = {isa = PBXFileReference; lastKnownFileType = text.plist.xml; path = Info.plist; sourceTree = "<group>"; };
		83059BE31DB1EE2700CBD1E8 /* SwiftSampleTests.xctest */ = {isa = PBXFileReference; explicitFileType = wrapper.cfbundle; includeInIndex = 0; path = SwiftSampleTests.xctest; sourceTree = BUILT_PRODUCTS_DIR; };
		83059BE71DB1EE2700CBD1E8 /* SwiftSampleTests.swift */ = {isa = PBXFileReference; lastKnownFileType = sourcecode.swift; path = SwiftSampleTests.swift; sourceTree = "<group>"; };
		83059BE91DB1EE2700CBD1E8 /* Info.plist */ = {isa = PBXFileReference; lastKnownFileType = text.plist.xml; path = Info.plist; sourceTree = "<group>"; };
		83059BEE1DB1EE2700CBD1E8 /* SwiftSampleUITests.xctest */ = {isa = PBXFileReference; explicitFileType = wrapper.cfbundle; includeInIndex = 0; path = SwiftSampleUITests.xctest; sourceTree = BUILT_PRODUCTS_DIR; };
		83059BF21DB1EE2700CBD1E8 /* SwiftSampleUITests.swift */ = {isa = PBXFileReference; lastKnownFileType = sourcecode.swift; path = SwiftSampleUITests.swift; sourceTree = "<group>"; };
		83059BF41DB1EE2700CBD1E8 /* Info.plist */ = {isa = PBXFileReference; lastKnownFileType = text.plist.xml; path = Info.plist; sourceTree = "<group>"; };
/* End PBXFileReference section */

/* Begin PBXFrameworksBuildPhase section */
		83059BC91DB1EE2700CBD1E8 /* Frameworks */ = {
			isa = PBXFrameworksBuildPhase;
			buildActionMask = 2147483647;
			files = (
			);
			runOnlyForDeploymentPostprocessing = 0;
		};
		83059BE01DB1EE2700CBD1E8 /* Frameworks */ = {
			isa = PBXFrameworksBuildPhase;
			buildActionMask = 2147483647;
			files = (
			);
			runOnlyForDeploymentPostprocessing = 0;
		};
		83059BEB1DB1EE2700CBD1E8 /* Frameworks */ = {
			isa = PBXFrameworksBuildPhase;
			buildActionMask = 2147483647;
			files = (
			);
			runOnlyForDeploymentPostprocessing = 0;
		};
/* End PBXFrameworksBuildPhase section */

/* Begin PBXGroup section */
		83059BC31DB1EE2700CBD1E8 = {
			isa = PBXGroup;
			children = (
				83059BCE1DB1EE2700CBD1E8 /* SwiftSample */,
				83059BE61DB1EE2700CBD1E8 /* SwiftSampleTests */,
				83059BF11DB1EE2700CBD1E8 /* SwiftSampleUITests */,
				83059BCD1DB1EE2700CBD1E8 /* Products */,
			);
			sourceTree = "<group>";
		};
		83059BCD1DB1EE2700CBD1E8 /* Products */ = {
			isa = PBXGroup;
			children = (
				83059BCC1DB1EE2700CBD1E8 /* SwiftSample.app */,
				83059BE31DB1EE2700CBD1E8 /* SwiftSampleTests.xctest */,
				83059BEE1DB1EE2700CBD1E8 /* SwiftSampleUITests.xctest */,
			);
			name = Products;
			sourceTree = "<group>";
		};
		83059BCE1DB1EE2700CBD1E8 /* SwiftSample */ = {
			isa = PBXGroup;
			children = (
				83059BCF1DB1EE2700CBD1E8 /* AppDelegate.swift */,
				83059BD11DB1EE2700CBD1E8 /* ViewController.swift */,
				83059BD31DB1EE2700CBD1E8 /* Main.storyboard */,
				83059BD91DB1EE2700CBD1E8 /* Assets.xcassets */,
				83059BDB1DB1EE2700CBD1E8 /* LaunchScreen.storyboard */,
				83059BDE1DB1EE2700CBD1E8 /* Info.plist */,
				83059BD61DB1EE2700CBD1E8 /* SwiftSample.xcdatamodeld */,
			);
			path = SwiftSample;
			sourceTree = "<group>";
		};
		83059BE61DB1EE2700CBD1E8 /* SwiftSampleTests */ = {
			isa = PBXGroup;
			children = (
				83059BE71DB1EE2700CBD1E8 /* SwiftSampleTests.swift */,
				83059BE91DB1EE2700CBD1E8 /* Info.plist */,
			);
			path = SwiftSampleTests;
			sourceTree = "<group>";
		};
		83059BF11DB1EE2700CBD1E8 /* SwiftSampleUITests */ = {
			isa = PBXGroup;
			children = (
				83059BF21DB1EE2700CBD1E8 /* SwiftSampleUITests.swift */,
				83059BF41DB1EE2700CBD1E8 /* Info.plist */,
			);
			path = SwiftSampleUITests;
			sourceTree = "<group>";
		};
/* End PBXGroup section */

/* Begin PBXNativeTarget section */
		83059BCB1DB1EE2700CBD1E8 /* SwiftSample */ = {
			isa = PBXNativeTarget;
			buildConfigurationList = 83059BF71DB1EE2700CBD1E8 /* Build configuration list for PBXNativeTarget "SwiftSample" */;
			buildPhases = (
				83059BC81DB1EE2700CBD1E8 /* Sources */,
				83059BC91DB1EE2700CBD1E8 /* Frameworks */,
				83059BCA1DB1EE2700CBD1E8 /* Resources */,
			);
			buildRules = (
			);
			dependencies = (
			);
			name = SwiftSample;
			productName = SwiftSample;
			productReference = 83059BCC1DB1EE2700CBD1E8 /* SwiftSample.app */;
			productType = "com.apple.product-type.application";
		};
		83059BE21DB1EE2700CBD1E8 /* SwiftSampleTests */ = {
			isa = PBXNativeTarget;
			buildConfigurationList = 83059BFA1DB1EE2700CBD1E8 /* Build configuration list for PBXNativeTarget "SwiftSampleTests" */;
			buildPhases = (
				83059BDF1DB1EE2700CBD1E8 /* Sources */,
				83059BE01DB1EE2700CBD1E8 /* Frameworks */,
				83059BE11DB1EE2700CBD1E8 /* Resources */,
			);
			buildRules = (
			);
			dependencies = (
				83059BE51DB1EE2700CBD1E8 /* PBXTargetDependency */,
			);
			name = SwiftSampleTests;
			productName = SwiftSampleTests;
			productReference = 83059BE31DB1EE2700CBD1E8 /* SwiftSampleTests.xctest */;
			productType = "com.apple.product-type.bundle.unit-test";
		};
		83059BED1DB1EE2700CBD1E8 /* SwiftSampleUITests */ = {
			isa = PBXNativeTarget;
			buildConfigurationList = 83059BFD1DB1EE2700CBD1E8 /* Build configuration list for PBXNativeTarget "SwiftSampleUITests" */;
			buildPhases = (
				83059BEA1DB1EE2700CBD1E8 /* Sources */,
				83059BEB1DB1EE2700CBD1E8 /* Frameworks */,
				83059BEC1DB1EE2700CBD1E8 /* Resources */,
			);
			buildRules = (
			);
			dependencies = (
				83059BF01DB1EE2700CBD1E8 /* PBXTargetDependency */,
			);
			name = SwiftSampleUITests;
			productName = SwiftSampleUITests;
			productReference = 83059BEE1DB1EE2700CBD1E8 /* SwiftSampleUITests.xctest */;
			productType = "com.apple.product-type.bundle.ui-testing";
		};
/* End PBXNativeTarget section */

/* Begin PBXProject section */
		83059BC41DB1EE2700CBD1E8 /* Project object */ = {
			isa = PBXProject;
			attributes = {
				LastSwiftUpdateCheck = 0800;
				LastUpgradeCheck = 0800;
				ORGANIZATIONNAME = "Christopher Combes";
				TargetAttributes = {
					83059BCB1DB1EE2700CBD1E8 = {
						CreatedOnToolsVersion = 8.0;
						ProvisioningStyle = Automatic;
					};
					83059BE21DB1EE2700CBD1E8 = {
						CreatedOnToolsVersion = 8.0;
						ProvisioningStyle = Automatic;
						TestTargetID = 83059BCB1DB1EE2700CBD1E8;
					};
					83059BED1DB1EE2700CBD1E8 = {
						CreatedOnToolsVersion = 8.0;
						ProvisioningStyle = Automatic;
						TestTargetID = 83059BCB1DB1EE2700CBD1E8;
					};
				};
			};
			buildConfigurationList = 83059BC71DB1EE2700CBD1E8 /* Build configuration list for PBXProject "SwiftSample" */;
			compatibilityVersion = "Xcode 3.2";
			developmentRegion = English;
			hasScannedForEncodings = 0;
			knownRegions = (
				en,
				Base,
			);
			mainGroup = 83059BC31DB1EE2700CBD1E8;
			productRefGroup = 83059BCD1DB1EE2700CBD1E8 /* Products */;
			projectDirPath = "";
			projectRoot = "";
			targets = (
				83059BCB1DB1EE2700CBD1E8 /* SwiftSample */,
				83059BE21DB1EE2700CBD1E8 /* SwiftSampleTests */,
				83059BED1DB1EE2700CBD1E8 /* SwiftSampleUITests */,
			);
		};
/* End PBXProject section */

/* Begin PBXResourcesBuildPhase section */
		83059BCA1DB1EE2700CBD1E8 /* Resources */ = {
			isa = PBXResourcesBuildPhase;
			buildActionMask = 2147483647;
			files = (
				83059BDD1DB1EE2700CBD1E8 /* LaunchScreen.storyboard in Resources */,
				83059BDA1DB1EE2700CBD1E8 /* Assets.xcassets in Resources */,
				83059BD51DB1EE2700CBD1E8 /* Main.storyboard in Resources */,
			);
			runOnlyForDeploymentPostprocessing = 0;
		};
		83059BE11DB1EE2700CBD1E8 /* Resources */ = {
			isa = PBXResourcesBuildPhase;
			buildActionMask = 2147483647;
			files = (
			);
			runOnlyForDeploymentPostprocessing = 0;
		};
		83059BEC1DB1EE2700CBD1E8 /* Resources */ = {
			isa = PBXResourcesBuildPhase;
			buildActionMask = 2147483647;
			files = (
			);
			runOnlyForDeploymentPostprocessing = 0;
		};
/* End PBXResourcesBuildPhase section */

/* Begin PBXSourcesBuildPhase section */
		83059BC81DB1EE2700CBD1E8 /* Sources */ = {
			isa = PBXSourcesBuildPhase;
			buildActionMask = 2147483647;
			files = (
				83059BD21DB1EE2700CBD1E8 /* ViewController.swift in Sources */,
				83059BD81DB1EE2700CBD1E8 /* SwiftSample.xcdatamodeld in Sources */,
				83059BD01DB1EE2700CBD1E8 /* AppDelegate.swift in Sources */,
			);
			runOnlyForDeploymentPostprocessing = 0;
		};
		83059BDF1DB1EE2700CBD1E8 /* Sources */ = {
			isa = PBXSourcesBuildPhase;
			buildActionMask = 2147483647;
			files = (
				83059BE81DB1EE2700CBD1E8 /* SwiftSampleTests.swift in Sources */,
			);
			runOnlyForDeploymentPostprocessing = 0;
		};
		83059BEA1DB1EE2700CBD1E8 /* Sources */ = {
			isa = PBXSourcesBuildPhase;
			buildActionMask = 2147483647;
			files = (
				83059BF31DB1EE2700CBD1E8 /* SwiftSampleUITests.swift in Sources */,
			);
			runOnlyForDeploymentPostprocessing = 0;
		};
/* End PBXSourcesBuildPhase section */

/* Begin PBXTargetDependency section */
		83059BE51DB1EE2700CBD1E8 /* PBXTargetDependency */ = {
			isa = PBXTargetDependency;
			target = 83059BCB1DB1EE2700CBD1E8 /* SwiftSample */;
			targetProxy = 83059BE41DB1EE2700CBD1E8 /* PBXContainerItemProxy */;
		};
		83059BF01DB1EE2700CBD1E8 /* PBXTargetDependency */ = {
			isa = PBXTargetDependency;
			target = 83059BCB1DB1EE2700CBD1E8 /* SwiftSample */;
			targetProxy = 83059BEF1DB1EE2700CBD1E8 /* PBXContainerItemProxy */;
		};
/* End PBXTargetDependency section */

/* Begin PBXVariantGroup section */
		83059BD31DB1EE2700CBD1E8 /* Main.storyboard */ = {
			isa = PBXVariantGroup;
			children = (
				83059BD41DB1EE2700CBD1E8 /* Base */,
			);
			name = Main.storyboard;
			sourceTree = "<group>";
		};
		83059BDB1DB1EE2700CBD1E8 /* LaunchScreen.storyboard */ = {
			isa = PBXVariantGroup;
			children = (
				83059BDC1DB1EE2700CBD1E8 /* Base */,
			);
			name = LaunchScreen.storyboard;
			sourceTree = "<group>";
		};
/* End PBXVariantGroup section */

/* Begin XCBuildConfiguration section */
		83059BF51DB1EE2700CBD1E8 /* Debug */ = {
			isa = XCBuildConfiguration;
			buildSettings = {
				ALWAYS_SEARCH_USER_PATHS = NO;
				CLANG_ANALYZER_NONNULL = YES;
				CLANG_CXX_LANGUAGE_STANDARD = "gnu++0x";
				CLANG_CXX_LIBRARY = "libc++";
				CLANG_ENABLE_MODULES = YES;
				CLANG_ENABLE_OBJC_ARC = YES;
				CLANG_WARN_BOOL_CONVERSION = YES;
				CLANG_WARN_CONSTANT_CONVERSION = YES;
				CLANG_WARN_DIRECT_OBJC_ISA_USAGE = YES_ERROR;
				CLANG_WARN_DOCUMENTATION_COMMENTS = YES;
				CLANG_WARN_EMPTY_BODY = YES;
				CLANG_WARN_ENUM_CONVERSION = YES;
				CLANG_WARN_INFINITE_RECURSION = YES;
				CLANG_WARN_INT_CONVERSION = YES;
				CLANG_WARN_OBJC_ROOT_CLASS = YES_ERROR;
				CLANG_WARN_SUSPICIOUS_MOVES = YES;
				CLANG_WARN_UNREACHABLE_CODE = YES;
				CLANG_WARN__DUPLICATE_METHOD_MATCH = YES;
				"CODE_SIGN_IDENTITY[sdk=iphoneos*]" = "iPhone Developer";
				COPY_PHASE_STRIP = NO;
				DEBUG_INFORMATION_FORMAT = dwarf;
				ENABLE_STRICT_OBJC_MSGSEND = YES;
				ENABLE_TESTABILITY = YES;
				GCC_C_LANGUAGE_STANDARD = gnu99;
				GCC_DYNAMIC_NO_PIC = NO;
				GCC_NO_COMMON_BLOCKS = YES;
				GCC_OPTIMIZATION_LEVEL = 0;
				GCC_PREPROCESSOR_DEFINITIONS = (
					"DEBUG=1",
					"$(inherited)",
				);
				GCC_WARN_64_TO_32_BIT_CONVERSION = YES;
				GCC_WARN_ABOUT_RETURN_TYPE = YES_ERROR;
				GCC_WARN_UNDECLARED_SELECTOR = YES;
				GCC_WARN_UNINITIALIZED_AUTOS = YES_AGGRESSIVE;
				GCC_WARN_UNUSED_FUNCTION = YES;
				GCC_WARN_UNUSED_VARIABLE = YES;
				IPHONEOS_DEPLOYMENT_TARGET = 10.0;
				MTL_ENABLE_DEBUG_INFO = YES;
				ONLY_ACTIVE_ARCH = YES;
				SDKROOT = iphoneos;
				SWIFT_ACTIVE_COMPILATION_CONDITIONS = DEBUG;
				SWIFT_OPTIMIZATION_LEVEL = "-Onone";
				TARGETED_DEVICE_FAMILY = "1,2";
			};
			name = Debug;
		};
		83059BF61DB1EE2700CBD1E8 /* Release */ = {
			isa = XCBuildConfiguration;
			buildSettings = {
				ALWAYS_SEARCH_USER_PATHS = NO;
				CLANG_ANALYZER_NONNULL = YES;
				CLANG_CXX_LANGUAGE_STANDARD = "gnu++0x";
				CLANG_CXX_LIBRARY = "libc++";
				CLANG_ENABLE_MODULES = YES;
				CLANG_ENABLE_OBJC_ARC = YES;
				CLANG_WARN_BOOL_CONVERSION = YES;
				CLANG_WARN_CONSTANT_CONVERSION = YES;
				CLANG_WARN_DIRECT_OBJC_ISA_USAGE = YES_ERROR;
				CLANG_WARN_DOCUMENTATION_COMMENTS = YES;
				CLANG_WARN_EMPTY_BODY = YES;
				CLANG_WARN_ENUM_CONVERSION = YES;
				CLANG_WARN_INFINITE_RECURSION = YES;
				CLANG_WARN_INT_CONVERSION = YES;
				CLANG_WARN_OBJC_ROOT_CLASS = YES_ERROR;
				CLANG_WARN_SUSPICIOUS_MOVES = YES;
				CLANG_WARN_UNREACHABLE_CODE = YES;
				CLANG_WARN__DUPLICATE_METHOD_MATCH = YES;
				"CODE_SIGN_IDENTITY[sdk=iphoneos*]" = "iPhone Developer";
				COPY_PHASE_STRIP = NO;
				DEBUG_INFORMATION_FORMAT = "dwarf-with-dsym";
				ENABLE_NS_ASSERTIONS = NO;
				ENABLE_STRICT_OBJC_MSGSEND = YES;
				GCC_C_LANGUAGE_STANDARD = gnu99;
				GCC_NO_COMMON_BLOCKS = YES;
				GCC_WARN_64_TO_32_BIT_CONVERSION = YES;
				GCC_WARN_ABOUT_RETURN_TYPE = YES_ERROR;
				GCC_WARN_UNDECLARED_SELECTOR = YES;
				GCC_WARN_UNINITIALIZED_AUTOS = YES_AGGRESSIVE;
				GCC_WARN_UNUSED_FUNCTION = YES;
				GCC_WARN_UNUSED_VARIABLE = YES;
				IPHONEOS_DEPLOYMENT_TARGET = 10.0;
				MTL_ENABLE_DEBUG_INFO = NO;
				SDKROOT = iphoneos;
				SWIFT_OPTIMIZATION_LEVEL = "-Owholemodule";
				TARGETED_DEVICE_FAMILY = "1,2";
				VALIDATE_PRODUCT = YES;
			};
			name = Release;
		};
		83059BF81DB1EE2700CBD1E8 /* Debug */ = {
			isa = XCBuildConfiguration;
			buildSettings = {
				ASSETCATALOG_COMPILER_APPICON_NAME = AppIcon;
				DEVELOPMENT_TEAM = "";
				INFOPLIST_FILE = SwiftSample/Info.plist;
				LD_RUNPATH_SEARCH_PATHS = "$(inherited) @executable_path/Frameworks";
				PRODUCT_BUNDLE_IDENTIFIER = com.self.SwiftSample;
				PRODUCT_NAME = "$(TARGET_NAME)";
				SWIFT_VERSION = 3.0;
			};
			name = Debug;
		};
		83059BF91DB1EE2700CBD1E8 /* Release */ = {
			isa = XCBuildConfiguration;
			buildSettings = {
				ASSETCATALOG_COMPILER_APPICON_NAME = AppIcon;
				DEVELOPMENT_TEAM = "";
				INFOPLIST_FILE = SwiftSample/Info.plist;
				LD_RUNPATH_SEARCH_PATHS = "$(inherited) @executable_path/Frameworks";
				PRODUCT_BUNDLE_IDENTIFIER = com.self.SwiftSample;
				PRODUCT_NAME = "$(TARGET_NAME)";
				SWIFT_VERSION = 3.0;
			};
			name = Release;
		};
		83059BFB1DB1EE2700CBD1E8 /* Debug */ = {
			isa = XCBuildConfiguration;
			buildSettings = {
				ALWAYS_EMBED_SWIFT_STANDARD_LIBRARIES = YES;
				BUNDLE_LOADER = "$(TEST_HOST)";
				INFOPLIST_FILE = SwiftSampleTests/Info.plist;
				LD_RUNPATH_SEARCH_PATHS = "$(inherited) @executable_path/Frameworks @loader_path/Frameworks";
				PRODUCT_BUNDLE_IDENTIFIER = com.self.SwiftSampleTests;
				PRODUCT_NAME = "$(TARGET_NAME)";
				SWIFT_VERSION = 3.0;
				TEST_HOST = "$(BUILT_PRODUCTS_DIR)/SwiftSample.app/SwiftSample";
			};
			name = Debug;
		};
		83059BFC1DB1EE2700CBD1E8 /* Release */ = {
			isa = XCBuildConfiguration;
			buildSettings = {
				ALWAYS_EMBED_SWIFT_STANDARD_LIBRARIES = YES;
				BUNDLE_LOADER = "$(TEST_HOST)";
				INFOPLIST_FILE = SwiftSampleTests/Info.plist;
				LD_RUNPATH_SEARCH_PATHS = "$(inherited) @executable_path/Frameworks @loader_path/Frameworks";
				PRODUCT_BUNDLE_IDENTIFIER = com.self.SwiftSampleTests;
				PRODUCT_NAME = "$(TARGET_NAME)";
				SWIFT_VERSION = 3.0;
				TEST_HOST = "$(BUILT_PRODUCTS_DIR)/SwiftSample.app/SwiftSample";
			};
			name = Release;
		};
		83059BFE1DB1EE2700CBD1E8 /* Debug */ = {
			isa = XCBuildConfiguration;
			buildSettings = {
				ALWAYS_EMBED_SWIFT_STANDARD_LIBRARIES = YES;
				INFOPLIST_FILE = SwiftSampleUITests/Info.plist;
				LD_RUNPATH_SEARCH_PATHS = "$(inherited) @executable_path/Frameworks @loader_path/Frameworks";
				PRODUCT_BUNDLE_IDENTIFIER = com.self.SwiftSampleUITests;
				PRODUCT_NAME = "$(TARGET_NAME)";
				SWIFT_VERSION = 3.0;
				TEST_TARGET_NAME = SwiftSample;
			};
			name = Debug;
		};
		83059BFF1DB1EE2700CBD1E8 /* Release */ = {
			isa = XCBuildConfiguration;
			buildSettings = {
				ALWAYS_EMBED_SWIFT_STANDARD_LIBRARIES = YES;
				INFOPLIST_FILE = SwiftSampleUITests/Info.plist;
				LD_RUNPATH_SEARCH_PATHS = "$(inherited) @executable_path/Frameworks @loader_path/Frameworks";
				PRODUCT_BUNDLE_IDENTIFIER = com.self.SwiftSampleUITests;
				PRODUCT_NAME = "$(TARGET_NAME)";
				SWIFT_VERSION = 3.0;
				TEST_TARGET_NAME = SwiftSample;
			};
			name = Release;
		};
/* End XCBuildConfiguration section */

/* Begin XCConfigurationList section */
		83059BC71DB1EE2700CBD1E8 /* Build configuration list for PBXProject "SwiftSample" */ = {
			isa = XCConfigurationList;
			buildConfigurations = (
				83059BF51DB1EE2700CBD1E8 /* Debug */,
				83059BF61DB1EE2700CBD1E8 /* Release */,
			);
			defaultConfigurationIsVisible = 0;
			defaultConfigurationName = Release;
		};
		83059BF71DB1EE2700CBD1E8 /* Build configuration list for PBXNativeTarget "SwiftSample" */ = {
			isa = XCConfigurationList;
			buildConfigurations = (
				83059BF81DB1EE2700CBD1E8 /* Debug */,
				83059BF91DB1EE2700CBD1E8 /* Release */,
			);
			defaultConfigurationIsVisible = 0;
		};
		83059BFA1DB1EE2700CBD1E8 /* Build configuration list for PBXNativeTarget "SwiftSampleTests" */ = {
			isa = XCConfigurationList;
			buildConfigurations = (
				83059BFB1DB1EE2700CBD1E8 /* Debug */,
				83059BFC1DB1EE2700CBD1E8 /* Release */,
			);
			defaultConfigurationIsVisible = 0;
		};
		83059BFD1DB1EE2700CBD1E8 /* Build configuration list for PBXNativeTarget "SwiftSampleUITests" */ = {
			isa = XCConfigurationList;
			buildConfigurations = (
				83059BFE1DB1EE2700CBD1E8 /* Debug */,
				83059BFF1DB1EE2700CBD1E8 /* Release */,
			);
			defaultConfigurationIsVisible = 0;
		};
/* End XCConfigurationList section */

/* Begin XCVersionGroup section */
		83059BD61DB1EE2700CBD1E8 /* SwiftSample.xcdatamodeld */ = {
			isa = XCVersionGroup;
			children = (
				83059BD71DB1EE2700CBD1E8 /* SwiftSample.xcdatamodel */,
			);
			currentVersion = 83059BD71DB1EE2700CBD1E8 /* SwiftSample.xcdatamodel */;
			path = SwiftSample.xcdatamodeld;
			sourceTree = "<group>";
			versionGroupType = wrapper.xcdatamodel;
		};
/* End XCVersionGroup section */
	};
	rootObject = 83059BC41DB1EE2700CBD1E8 /* Project object */;
}
